// !$*UTF8*$!
{
	archiveVersion = 1;
	classes = {
	};
	objectVersion = 52;
	objects = {

/* Begin PBXBuildFile section */
		948039A523AE465E0097A12A /* Kit.h in Headers */ = {isa = PBXBuildFile; fileRef = 948039A323AE465E0097A12A /* Kit.h */; settings = {ATTRIBUTES = (Public, ); }; };
		948039D123AE46810097A12A /* ListDiffable.swift in Sources */ = {isa = PBXBuildFile; fileRef = 948039AE23AE46800097A12A /* ListDiffable.swift */; };
		948039D323AE46810097A12A /* DiscoverMovieList.swift in Sources */ = {isa = PBXBuildFile; fileRef = 948039B123AE46810097A12A /* DiscoverMovieList.swift */; };
		948039D423AE46810097A12A /* Videos.swift in Sources */ = {isa = PBXBuildFile; fileRef = 948039B223AE46810097A12A /* Videos.swift */; };
		948039D523AE46810097A12A /* GenreList.swift in Sources */ = {isa = PBXBuildFile; fileRef = 948039B323AE46810097A12A /* GenreList.swift */; };
		948039D623AE46810097A12A /* MovieDetails.swift in Sources */ = {isa = PBXBuildFile; fileRef = 948039B423AE46810097A12A /* MovieDetails.swift */; };
		948039D723AE46810097A12A /* MovieReviews.swift in Sources */ = {isa = PBXBuildFile; fileRef = 948039B523AE46810097A12A /* MovieReviews.swift */; };
		948039D823AE46810097A12A /* Configuration.swift in Sources */ = {isa = PBXBuildFile; fileRef = 948039B623AE46810097A12A /* Configuration.swift */; };
		948039D923AE46810097A12A /* Authorization.swift in Sources */ = {isa = PBXBuildFile; fileRef = 948039B823AE46810097A12A /* Authorization.swift */; };
		948039DA23AE46810097A12A /* ConfigurationRequest.swift in Sources */ = {isa = PBXBuildFile; fileRef = 948039BB23AE46810097A12A /* ConfigurationRequest.swift */; };
		948039DB23AE46810097A12A /* ConfigurationService.swift in Sources */ = {isa = PBXBuildFile; fileRef = 948039BC23AE46810097A12A /* ConfigurationService.swift */; };
		948039DC23AE46810097A12A /* DiscoverRequest.swift in Sources */ = {isa = PBXBuildFile; fileRef = 948039BE23AE46810097A12A /* DiscoverRequest.swift */; };
		948039DD23AE46810097A12A /* MovieDetailRequest.swift in Sources */ = {isa = PBXBuildFile; fileRef = 948039C023AE46810097A12A /* MovieDetailRequest.swift */; };
		948039DE23AE46810097A12A /* ListGenreRequest.swift in Sources */ = {isa = PBXBuildFile; fileRef = 948039C223AE46810097A12A /* ListGenreRequest.swift */; };
		948039DF23AE46810097A12A /* Request.swift in Sources */ = {isa = PBXBuildFile; fileRef = 948039C323AE46810097A12A /* Request.swift */; };
		948039E023AE46810097A12A /* ReviewRequest.swift in Sources */ = {isa = PBXBuildFile; fileRef = 948039C523AE46810097A12A /* ReviewRequest.swift */; };
		948039E123AE46810097A12A /* NetworkError.swift in Sources */ = {isa = PBXBuildFile; fileRef = 948039C623AE46810097A12A /* NetworkError.swift */; };
		948039E223AE46810097A12A /* SessionManager+Extensions.swift in Sources */ = {isa = PBXBuildFile; fileRef = 948039C723AE46810097A12A /* SessionManager+Extensions.swift */; };
		948039E323AE46810097A12A /* Urls.swift in Sources */ = {isa = PBXBuildFile; fileRef = 948039C823AE46810097A12A /* Urls.swift */; };
		948039E423AE46810097A12A /* BaseViewModel.swift in Sources */ = {isa = PBXBuildFile; fileRef = 948039CA23AE46810097A12A /* BaseViewModel.swift */; };
		948039E723AE46810097A12A /* Dictionary+Ops.swift in Sources */ = {isa = PBXBuildFile; fileRef = 948039CE23AE46810097A12A /* Dictionary+Ops.swift */; };
		948039E823AE46810097A12A /* Collection+SafeIndex.swift in Sources */ = {isa = PBXBuildFile; fileRef = 948039CF23AE46810097A12A /* Collection+SafeIndex.swift */; };
		94803A0B23AE48480097A12A /* Ui_Kit.h in Headers */ = {isa = PBXBuildFile; fileRef = 94803A0923AE48480097A12A /* Ui_Kit.h */; settings = {ATTRIBUTES = (Public, ); }; };
		94803A2B23AE4B100097A12A /* LoadingTableCell.swift in Sources */ = {isa = PBXBuildFile; fileRef = 94803A1D23AE4B100097A12A /* LoadingTableCell.swift */; };
		94803A2D23AE4B100097A12A /* LoadingTableCell.xib in Resources */ = {isa = PBXBuildFile; fileRef = 94803A1F23AE4B100097A12A /* LoadingTableCell.xib */; };
		94803A2E23AE4B100097A12A /* LoadingCollectionCell.xib in Resources */ = {isa = PBXBuildFile; fileRef = 94803A2023AE4B100097A12A /* LoadingCollectionCell.xib */; };
		94803A2F23AE4B100097A12A /* LoadingCollectionCell.swift in Sources */ = {isa = PBXBuildFile; fileRef = 94803A2123AE4B100097A12A /* LoadingCollectionCell.swift */; };
		94803A3023AE4B100097A12A /* LoadingView.swift in Sources */ = {isa = PBXBuildFile; fileRef = 94803A2223AE4B100097A12A /* LoadingView.swift */; };
		94803A3123AE4B100097A12A /* BaseViewController.swift in Sources */ = {isa = PBXBuildFile; fileRef = 94803A2423AE4B100097A12A /* BaseViewController.swift */; };
		94803A3223AE4B100097A12A /* BaseView.swift in Sources */ = {isa = PBXBuildFile; fileRef = 94803A2523AE4B100097A12A /* BaseView.swift */; };
		94803A3323AE4B100097A12A /* BaseButton.swift in Sources */ = {isa = PBXBuildFile; fileRef = 94803A2623AE4B100097A12A /* BaseButton.swift */; };
		94803A3423AE4B100097A12A /* UITableView+Deque.swift in Sources */ = {isa = PBXBuildFile; fileRef = 94803A2823AE4B100097A12A /* UITableView+Deque.swift */; };
		94803A3523AE4B100097A12A /* UIControl+Combine.swift in Sources */ = {isa = PBXBuildFile; fileRef = 94803A2923AE4B100097A12A /* UIControl+Combine.swift */; };
		94803A3623AE4B100097A12A /* UICollectionView+Deque.swift in Sources */ = {isa = PBXBuildFile; fileRef = 94803A2A23AE4B100097A12A /* UICollectionView+Deque.swift */; };
		94803A3723AE4B600097A12A /* LoadingCellViewModel.swift in Sources */ = {isa = PBXBuildFile; fileRef = 94803A1E23AE4B100097A12A /* LoadingCellViewModel.swift */; };
		94803A3823AE4B940097A12A /* UIControlSubscription+UIControlPublisher.swift in Sources */ = {isa = PBXBuildFile; fileRef = 948039AF23AE46810097A12A /* UIControlSubscription+UIControlPublisher.swift */; };
		948252292398A3D500957E44 /* AppDelegate.swift in Sources */ = {isa = PBXBuildFile; fileRef = 948252282398A3D500957E44 /* AppDelegate.swift */; };
		948252322398A3D600957E44 /* Assets.xcassets in Resources */ = {isa = PBXBuildFile; fileRef = 948252312398A3D600957E44 /* Assets.xcassets */; };
		948252352398A3D600957E44 /* LaunchScreen.storyboard in Resources */ = {isa = PBXBuildFile; fileRef = 948252332398A3D600957E44 /* LaunchScreen.storyboard */; };
		94B363B023AE68D200D66A35 /* Alamofire in Frameworks */ = {isa = PBXBuildFile; productRef = 94B363AF23AE68D200D66A35 /* Alamofire */; };
		94B364C423AE787200D66A35 /* App.h in Headers */ = {isa = PBXBuildFile; fileRef = 94B364C223AE787200D66A35 /* App.h */; settings = {ATTRIBUTES = (Public, ); }; };
		94B3651C23AE78C000D66A35 /* DetailMovieViewModel.swift in Sources */ = {isa = PBXBuildFile; fileRef = 94B364CE23AE78BF00D66A35 /* DetailMovieViewModel.swift */; };
		94B3651D23AE78C000D66A35 /* DetailMovieImagesViewModel.swift in Sources */ = {isa = PBXBuildFile; fileRef = 94B364D023AE78BF00D66A35 /* DetailMovieImagesViewModel.swift */; };
		94B3651E23AE78C000D66A35 /* DetailMovieTitleSubtitleViewModel.swift in Sources */ = {isa = PBXBuildFile; fileRef = 94B364D123AE78BF00D66A35 /* DetailMovieTitleSubtitleViewModel.swift */; };
		94B3651F23AE78C000D66A35 /* DetailMovieInformationViewModel.swift in Sources */ = {isa = PBXBuildFile; fileRef = 94B364D223AE78BF00D66A35 /* DetailMovieInformationViewModel.swift */; };
		94B3652023AE78C000D66A35 /* DetailMovieWireframe.swift in Sources */ = {isa = PBXBuildFile; fileRef = 94B364D423AE78BF00D66A35 /* DetailMovieWireframe.swift */; };
		94B3652123AE78C000D66A35 /* DetailMovieViewController.swift in Sources */ = {isa = PBXBuildFile; fileRef = 94B364D623AE78BF00D66A35 /* DetailMovieViewController.swift */; };
		94B3652223AE78C000D66A35 /* DetailMovieViewController.xib in Resources */ = {isa = PBXBuildFile; fileRef = 94B364D723AE78BF00D66A35 /* DetailMovieViewController.xib */; };
		94B3652323AE78C000D66A35 /* DetailMovieImagesView.xib in Resources */ = {isa = PBXBuildFile; fileRef = 94B364D923AE78C000D66A35 /* DetailMovieImagesView.xib */; };
		94B3652423AE78C000D66A35 /* DetailMovieImagesView.swift in Sources */ = {isa = PBXBuildFile; fileRef = 94B364DA23AE78C000D66A35 /* DetailMovieImagesView.swift */; };
		94B3652523AE78C000D66A35 /* DetailMovieTitleSubtitleView.xib in Resources */ = {isa = PBXBuildFile; fileRef = 94B364DB23AE78C000D66A35 /* DetailMovieTitleSubtitleView.xib */; };
		94B3652623AE78C000D66A35 /* DetailMovieInformationView.swift in Sources */ = {isa = PBXBuildFile; fileRef = 94B364DC23AE78C000D66A35 /* DetailMovieInformationView.swift */; };
		94B3652723AE78C000D66A35 /* DetailMovieInformationView.xib in Resources */ = {isa = PBXBuildFile; fileRef = 94B364DD23AE78C000D66A35 /* DetailMovieInformationView.xib */; };
		94B3652823AE78C000D66A35 /* DetailMovieTitleSubtitleView.swift in Sources */ = {isa = PBXBuildFile; fileRef = 94B364DE23AE78C000D66A35 /* DetailMovieTitleSubtitleView.swift */; };
		94B3652923AE78C000D66A35 /* DetailServices.swift in Sources */ = {isa = PBXBuildFile; fileRef = 94B364E023AE78C000D66A35 /* DetailServices.swift */; };
		94B3652A23AE78C000D66A35 /* MovieReviewsDataSource.swift in Sources */ = {isa = PBXBuildFile; fileRef = 94B364E323AE78C000D66A35 /* MovieReviewsDataSource.swift */; };
		94B3652B23AE78C000D66A35 /* MovieReviewsViewModel.swift in Sources */ = {isa = PBXBuildFile; fileRef = 94B364E523AE78C000D66A35 /* MovieReviewsViewModel.swift */; };
		94B3652C23AE78C000D66A35 /* MovieReviewViewModel.swift in Sources */ = {isa = PBXBuildFile; fileRef = 94B364E723AE78C000D66A35 /* MovieReviewViewModel.swift */; };
		94B3652D23AE78C000D66A35 /* MovieReviewsWireframe.swift in Sources */ = {isa = PBXBuildFile; fileRef = 94B364E923AE78C000D66A35 /* MovieReviewsWireframe.swift */; };
		94B3652E23AE78C000D66A35 /* MovieReviewsViewController.swift in Sources */ = {isa = PBXBuildFile; fileRef = 94B364EB23AE78C000D66A35 /* MovieReviewsViewController.swift */; };
		94B3652F23AE78C000D66A35 /* MovieReviewsViewController.xib in Resources */ = {isa = PBXBuildFile; fileRef = 94B364EC23AE78C000D66A35 /* MovieReviewsViewController.xib */; };
		94B3653023AE78C000D66A35 /* EmptyMoviesReviewView.swift in Sources */ = {isa = PBXBuildFile; fileRef = 94B364EE23AE78C000D66A35 /* EmptyMoviesReviewView.swift */; };
		94B3653123AE78C000D66A35 /* MovieReviewCell.xib in Resources */ = {isa = PBXBuildFile; fileRef = 94B364EF23AE78C000D66A35 /* MovieReviewCell.xib */; };
		94B3653223AE78C000D66A35 /* EmptyMoviesReviewView.xib in Resources */ = {isa = PBXBuildFile; fileRef = 94B364F023AE78C000D66A35 /* EmptyMoviesReviewView.xib */; };
		94B3653323AE78C000D66A35 /* MovieReviewCell.swift in Sources */ = {isa = PBXBuildFile; fileRef = 94B364F123AE78C000D66A35 /* MovieReviewCell.swift */; };
		94B3653423AE78C000D66A35 /* MovieReviewsServices.swift in Sources */ = {isa = PBXBuildFile; fileRef = 94B364F323AE78C000D66A35 /* MovieReviewsServices.swift */; };
		94B3653523AE78C000D66A35 /* ListGenreMoviesViewModel.swift in Sources */ = {isa = PBXBuildFile; fileRef = 94B364F623AE78C000D66A35 /* ListGenreMoviesViewModel.swift */; };
		94B3653623AE78C000D66A35 /* GenreViewModel.swift in Sources */ = {isa = PBXBuildFile; fileRef = 94B364F823AE78C000D66A35 /* GenreViewModel.swift */; };
		94B3653723AE78C000D66A35 /* ListGenreMoviesWireframe.swift in Sources */ = {isa = PBXBuildFile; fileRef = 94B364FA23AE78C000D66A35 /* ListGenreMoviesWireframe.swift */; };
		94B3653823AE78C000D66A35 /* ListGenreMoviesViewController.swift in Sources */ = {isa = PBXBuildFile; fileRef = 94B364FC23AE78C000D66A35 /* ListGenreMoviesViewController.swift */; };
		94B3653923AE78C000D66A35 /* ListGenreMoviesViewController.xib in Resources */ = {isa = PBXBuildFile; fileRef = 94B364FD23AE78C000D66A35 /* ListGenreMoviesViewController.xib */; };
		94B3653A23AE78C000D66A35 /* GenreView.xib in Resources */ = {isa = PBXBuildFile; fileRef = 94B364FF23AE78C000D66A35 /* GenreView.xib */; };
		94B3653B23AE78C000D66A35 /* GenreView.swift in Sources */ = {isa = PBXBuildFile; fileRef = 94B3650023AE78C000D66A35 /* GenreView.swift */; };
		94B3653C23AE78C000D66A35 /* ListGenreMoviesServices.swift in Sources */ = {isa = PBXBuildFile; fileRef = 94B3650223AE78C000D66A35 /* ListGenreMoviesServices.swift */; };
		94B3653D23AE78C000D66A35 /* MovieTrailerViewModel.swift in Sources */ = {isa = PBXBuildFile; fileRef = 94B3650523AE78C000D66A35 /* MovieTrailerViewModel.swift */; };
		94B3653E23AE78C000D66A35 /* MovieTrailerWireframe.swift in Sources */ = {isa = PBXBuildFile; fileRef = 94B3650723AE78C000D66A35 /* MovieTrailerWireframe.swift */; };
		94B3653F23AE78C000D66A35 /* MovieTrailerViewController.xib in Resources */ = {isa = PBXBuildFile; fileRef = 94B3650923AE78C000D66A35 /* MovieTrailerViewController.xib */; };
		94B3654023AE78C000D66A35 /* MovieTrailerViewController.swift in Sources */ = {isa = PBXBuildFile; fileRef = 94B3650A23AE78C000D66A35 /* MovieTrailerViewController.swift */; };
		94B3654123AE78C000D66A35 /* DiscoverMoviesDataSource.swift in Sources */ = {isa = PBXBuildFile; fileRef = 94B3650D23AE78C000D66A35 /* DiscoverMoviesDataSource.swift */; };
		94B3654223AE78C000D66A35 /* DiscoverMoviesViewModel.swift in Sources */ = {isa = PBXBuildFile; fileRef = 94B3650F23AE78C000D66A35 /* DiscoverMoviesViewModel.swift */; };
		94B3654323AE78C000D66A35 /* DiscoverMovieViewModel.swift in Sources */ = {isa = PBXBuildFile; fileRef = 94B3651123AE78C000D66A35 /* DiscoverMovieViewModel.swift */; };
		94B3654423AE78C000D66A35 /* DiscoverMoviesWireframe.swift in Sources */ = {isa = PBXBuildFile; fileRef = 94B3651323AE78C000D66A35 /* DiscoverMoviesWireframe.swift */; };
		94B3654523AE78C000D66A35 /* DiscoverMoviesViewController.xib in Resources */ = {isa = PBXBuildFile; fileRef = 94B3651523AE78C000D66A35 /* DiscoverMoviesViewController.xib */; };
		94B3654623AE78C000D66A35 /* DiscoverMoviesViewController.swift in Sources */ = {isa = PBXBuildFile; fileRef = 94B3651623AE78C000D66A35 /* DiscoverMoviesViewController.swift */; };
		94B3654723AE78C000D66A35 /* DiscoverMovieCell.swift in Sources */ = {isa = PBXBuildFile; fileRef = 94B3651823AE78C000D66A35 /* DiscoverMovieCell.swift */; };
		94B3654823AE78C000D66A35 /* DiscoverMovieCell.xib in Resources */ = {isa = PBXBuildFile; fileRef = 94B3651923AE78C000D66A35 /* DiscoverMovieCell.xib */; };
		94B3654923AE78C000D66A35 /* DiscoverMoviesServices.swift in Sources */ = {isa = PBXBuildFile; fileRef = 94B3651B23AE78C000D66A35 /* DiscoverMoviesServices.swift */; };
		94B3654B23AE78F400D66A35 /* SDWebImage in Frameworks */ = {isa = PBXBuildFile; productRef = 94B3654A23AE78F400D66A35 /* SDWebImage */; };
		94B3654D23AE78F400D66A35 /* YoutubePlayerView in Frameworks */ = {isa = PBXBuildFile; productRef = 94B3654C23AE78F400D66A35 /* YoutubePlayerView */; };
		94B3655023AE78F400D66A35 /* Kit.framework in Frameworks */ = {isa = PBXBuildFile; fileRef = 948039A123AE465E0097A12A /* Kit.framework */; };
		94B3655123AE78F400D66A35 /* Kit.framework in Embed Frameworks */ = {isa = PBXBuildFile; fileRef = 948039A123AE465E0097A12A /* Kit.framework */; settings = {ATTRIBUTES = (CodeSignOnCopy, RemoveHeadersOnCopy, ); }; };
		94B3655423AE78F400D66A35 /* Ui_Kit.framework in Frameworks */ = {isa = PBXBuildFile; fileRef = 94803A0723AE48480097A12A /* Ui_Kit.framework */; };
		94B3655523AE78F400D66A35 /* Ui_Kit.framework in Embed Frameworks */ = {isa = PBXBuildFile; fileRef = 94803A0723AE48480097A12A /* Ui_Kit.framework */; settings = {ATTRIBUTES = (CodeSignOnCopy, RemoveHeadersOnCopy, ); }; };
		94B3655923AE792800D66A35 /* App.framework in Frameworks */ = {isa = PBXBuildFile; fileRef = 94B364C023AE787200D66A35 /* App.framework */; };
		94B3655A23AE792800D66A35 /* App.framework in Embed Frameworks */ = {isa = PBXBuildFile; fileRef = 94B364C023AE787200D66A35 /* App.framework */; settings = {ATTRIBUTES = (CodeSignOnCopy, RemoveHeadersOnCopy, ); }; };
/* End PBXBuildFile section */

/* Begin PBXContainerItemProxy section */
		94B3655223AE78F400D66A35 /* PBXContainerItemProxy */ = {
			isa = PBXContainerItemProxy;
			containerPortal = 9482521D2398A3D500957E44 /* Project object */;
			proxyType = 1;
			remoteGlobalIDString = 948039A023AE465E0097A12A;
			remoteInfo = Kit;
		};
		94B3655623AE78F400D66A35 /* PBXContainerItemProxy */ = {
			isa = PBXContainerItemProxy;
			containerPortal = 9482521D2398A3D500957E44 /* Project object */;
			proxyType = 1;
			remoteGlobalIDString = 94803A0623AE48480097A12A;
			remoteInfo = "Ui-Kit";
		};
		94B3655B23AE792800D66A35 /* PBXContainerItemProxy */ = {
			isa = PBXContainerItemProxy;
			containerPortal = 9482521D2398A3D500957E44 /* Project object */;
			proxyType = 1;
			remoteGlobalIDString = 94B364BF23AE787200D66A35;
			remoteInfo = App;
		};
/* End PBXContainerItemProxy section */

/* Begin PBXCopyFilesBuildPhase section */
		94B3655823AE78F400D66A35 /* Embed Frameworks */ = {
			isa = PBXCopyFilesBuildPhase;
			buildActionMask = 2147483647;
			dstPath = "";
			dstSubfolderSpec = 10;
			files = (
				94B3655123AE78F400D66A35 /* Kit.framework in Embed Frameworks */,
				94B3655523AE78F400D66A35 /* Ui_Kit.framework in Embed Frameworks */,
			);
			name = "Embed Frameworks";
			runOnlyForDeploymentPostprocessing = 0;
		};
		94B3655D23AE792800D66A35 /* Embed Frameworks */ = {
			isa = PBXCopyFilesBuildPhase;
			buildActionMask = 2147483647;
			dstPath = "";
			dstSubfolderSpec = 10;
			files = (
				94B3655A23AE792800D66A35 /* App.framework in Embed Frameworks */,
			);
			name = "Embed Frameworks";
			runOnlyForDeploymentPostprocessing = 0;
		};
/* End PBXCopyFilesBuildPhase section */

/* Begin PBXFileReference section */
		948039A123AE465E0097A12A /* Kit.framework */ = {isa = PBXFileReference; explicitFileType = wrapper.framework; includeInIndex = 0; path = Kit.framework; sourceTree = BUILT_PRODUCTS_DIR; };
		948039A323AE465E0097A12A /* Kit.h */ = {isa = PBXFileReference; lastKnownFileType = sourcecode.c.h; path = Kit.h; sourceTree = "<group>"; };
		948039A423AE465E0097A12A /* Info.plist */ = {isa = PBXFileReference; lastKnownFileType = text.plist.xml; path = Info.plist; sourceTree = "<group>"; };
		948039AE23AE46800097A12A /* ListDiffable.swift */ = {isa = PBXFileReference; fileEncoding = 4; lastKnownFileType = sourcecode.swift; path = ListDiffable.swift; sourceTree = "<group>"; };
		948039AF23AE46810097A12A /* UIControlSubscription+UIControlPublisher.swift */ = {isa = PBXFileReference; fileEncoding = 4; lastKnownFileType = sourcecode.swift; path = "UIControlSubscription+UIControlPublisher.swift"; sourceTree = "<group>"; };
		948039B123AE46810097A12A /* DiscoverMovieList.swift */ = {isa = PBXFileReference; fileEncoding = 4; lastKnownFileType = sourcecode.swift; path = DiscoverMovieList.swift; sourceTree = "<group>"; };
		948039B223AE46810097A12A /* Videos.swift */ = {isa = PBXFileReference; fileEncoding = 4; lastKnownFileType = sourcecode.swift; path = Videos.swift; sourceTree = "<group>"; };
		948039B323AE46810097A12A /* GenreList.swift */ = {isa = PBXFileReference; fileEncoding = 4; lastKnownFileType = sourcecode.swift; path = GenreList.swift; sourceTree = "<group>"; };
		948039B423AE46810097A12A /* MovieDetails.swift */ = {isa = PBXFileReference; fileEncoding = 4; lastKnownFileType = sourcecode.swift; path = MovieDetails.swift; sourceTree = "<group>"; };
		948039B523AE46810097A12A /* MovieReviews.swift */ = {isa = PBXFileReference; fileEncoding = 4; lastKnownFileType = sourcecode.swift; path = MovieReviews.swift; sourceTree = "<group>"; };
		948039B623AE46810097A12A /* Configuration.swift */ = {isa = PBXFileReference; fileEncoding = 4; lastKnownFileType = sourcecode.swift; path = Configuration.swift; sourceTree = "<group>"; };
		948039B823AE46810097A12A /* Authorization.swift */ = {isa = PBXFileReference; fileEncoding = 4; lastKnownFileType = sourcecode.swift; path = Authorization.swift; sourceTree = "<group>"; };
		948039BB23AE46810097A12A /* ConfigurationRequest.swift */ = {isa = PBXFileReference; fileEncoding = 4; lastKnownFileType = sourcecode.swift; path = ConfigurationRequest.swift; sourceTree = "<group>"; };
		948039BC23AE46810097A12A /* ConfigurationService.swift */ = {isa = PBXFileReference; fileEncoding = 4; lastKnownFileType = sourcecode.swift; path = ConfigurationService.swift; sourceTree = "<group>"; };
		948039BE23AE46810097A12A /* DiscoverRequest.swift */ = {isa = PBXFileReference; fileEncoding = 4; lastKnownFileType = sourcecode.swift; path = DiscoverRequest.swift; sourceTree = "<group>"; };
		948039C023AE46810097A12A /* MovieDetailRequest.swift */ = {isa = PBXFileReference; fileEncoding = 4; lastKnownFileType = sourcecode.swift; path = MovieDetailRequest.swift; sourceTree = "<group>"; };
		948039C223AE46810097A12A /* ListGenreRequest.swift */ = {isa = PBXFileReference; fileEncoding = 4; lastKnownFileType = sourcecode.swift; path = ListGenreRequest.swift; sourceTree = "<group>"; };
		948039C323AE46810097A12A /* Request.swift */ = {isa = PBXFileReference; fileEncoding = 4; lastKnownFileType = sourcecode.swift; path = Request.swift; sourceTree = "<group>"; };
		948039C523AE46810097A12A /* ReviewRequest.swift */ = {isa = PBXFileReference; fileEncoding = 4; lastKnownFileType = sourcecode.swift; path = ReviewRequest.swift; sourceTree = "<group>"; };
		948039C623AE46810097A12A /* NetworkError.swift */ = {isa = PBXFileReference; fileEncoding = 4; lastKnownFileType = sourcecode.swift; path = NetworkError.swift; sourceTree = "<group>"; };
		948039C723AE46810097A12A /* SessionManager+Extensions.swift */ = {isa = PBXFileReference; fileEncoding = 4; lastKnownFileType = sourcecode.swift; path = "SessionManager+Extensions.swift"; sourceTree = "<group>"; };
		948039C823AE46810097A12A /* Urls.swift */ = {isa = PBXFileReference; fileEncoding = 4; lastKnownFileType = sourcecode.swift; path = Urls.swift; sourceTree = "<group>"; };
		948039CA23AE46810097A12A /* BaseViewModel.swift */ = {isa = PBXFileReference; fileEncoding = 4; lastKnownFileType = sourcecode.swift; path = BaseViewModel.swift; sourceTree = "<group>"; };
		948039CE23AE46810097A12A /* Dictionary+Ops.swift */ = {isa = PBXFileReference; fileEncoding = 4; lastKnownFileType = sourcecode.swift; path = "Dictionary+Ops.swift"; sourceTree = "<group>"; };
		948039CF23AE46810097A12A /* Collection+SafeIndex.swift */ = {isa = PBXFileReference; fileEncoding = 4; lastKnownFileType = sourcecode.swift; path = "Collection+SafeIndex.swift"; sourceTree = "<group>"; };
		94803A0723AE48480097A12A /* Ui_Kit.framework */ = {isa = PBXFileReference; explicitFileType = wrapper.framework; includeInIndex = 0; path = Ui_Kit.framework; sourceTree = BUILT_PRODUCTS_DIR; };
		94803A0923AE48480097A12A /* Ui_Kit.h */ = {isa = PBXFileReference; lastKnownFileType = sourcecode.c.h; path = Ui_Kit.h; sourceTree = "<group>"; };
		94803A0A23AE48480097A12A /* Info.plist */ = {isa = PBXFileReference; lastKnownFileType = text.plist.xml; path = Info.plist; sourceTree = "<group>"; };
		94803A1D23AE4B100097A12A /* LoadingTableCell.swift */ = {isa = PBXFileReference; fileEncoding = 4; lastKnownFileType = sourcecode.swift; path = LoadingTableCell.swift; sourceTree = "<group>"; };
		94803A1E23AE4B100097A12A /* LoadingCellViewModel.swift */ = {isa = PBXFileReference; fileEncoding = 4; lastKnownFileType = sourcecode.swift; path = LoadingCellViewModel.swift; sourceTree = "<group>"; };
		94803A1F23AE4B100097A12A /* LoadingTableCell.xib */ = {isa = PBXFileReference; fileEncoding = 4; lastKnownFileType = file.xib; path = LoadingTableCell.xib; sourceTree = "<group>"; };
		94803A2023AE4B100097A12A /* LoadingCollectionCell.xib */ = {isa = PBXFileReference; fileEncoding = 4; lastKnownFileType = file.xib; path = LoadingCollectionCell.xib; sourceTree = "<group>"; };
		94803A2123AE4B100097A12A /* LoadingCollectionCell.swift */ = {isa = PBXFileReference; fileEncoding = 4; lastKnownFileType = sourcecode.swift; path = LoadingCollectionCell.swift; sourceTree = "<group>"; };
		94803A2223AE4B100097A12A /* LoadingView.swift */ = {isa = PBXFileReference; fileEncoding = 4; lastKnownFileType = sourcecode.swift; path = LoadingView.swift; sourceTree = "<group>"; };
		94803A2423AE4B100097A12A /* BaseViewController.swift */ = {isa = PBXFileReference; fileEncoding = 4; lastKnownFileType = sourcecode.swift; path = BaseViewController.swift; sourceTree = "<group>"; };
		94803A2523AE4B100097A12A /* BaseView.swift */ = {isa = PBXFileReference; fileEncoding = 4; lastKnownFileType = sourcecode.swift; path = BaseView.swift; sourceTree = "<group>"; };
		94803A2623AE4B100097A12A /* BaseButton.swift */ = {isa = PBXFileReference; fileEncoding = 4; lastKnownFileType = sourcecode.swift; path = BaseButton.swift; sourceTree = "<group>"; };
		94803A2823AE4B100097A12A /* UITableView+Deque.swift */ = {isa = PBXFileReference; fileEncoding = 4; lastKnownFileType = sourcecode.swift; path = "UITableView+Deque.swift"; sourceTree = "<group>"; };
		94803A2923AE4B100097A12A /* UIControl+Combine.swift */ = {isa = PBXFileReference; fileEncoding = 4; lastKnownFileType = sourcecode.swift; path = "UIControl+Combine.swift"; sourceTree = "<group>"; };
		94803A2A23AE4B100097A12A /* UICollectionView+Deque.swift */ = {isa = PBXFileReference; fileEncoding = 4; lastKnownFileType = sourcecode.swift; path = "UICollectionView+Deque.swift"; sourceTree = "<group>"; };
		948252252398A3D500957E44 /* Main.app */ = {isa = PBXFileReference; explicitFileType = wrapper.application; includeInIndex = 0; path = Main.app; sourceTree = BUILT_PRODUCTS_DIR; };
		948252282398A3D500957E44 /* AppDelegate.swift */ = {isa = PBXFileReference; lastKnownFileType = sourcecode.swift; path = AppDelegate.swift; sourceTree = "<group>"; };
		948252312398A3D600957E44 /* Assets.xcassets */ = {isa = PBXFileReference; lastKnownFileType = folder.assetcatalog; path = Assets.xcassets; sourceTree = "<group>"; };
		948252342398A3D600957E44 /* Base */ = {isa = PBXFileReference; lastKnownFileType = file.storyboard; name = Base; path = Base.lproj/LaunchScreen.storyboard; sourceTree = "<group>"; };
		948252362398A3D600957E44 /* Info.plist */ = {isa = PBXFileReference; lastKnownFileType = text.plist.xml; path = Info.plist; sourceTree = "<group>"; };
		94B364C023AE787200D66A35 /* App.framework */ = {isa = PBXFileReference; explicitFileType = wrapper.framework; includeInIndex = 0; path = App.framework; sourceTree = BUILT_PRODUCTS_DIR; };
		94B364C223AE787200D66A35 /* App.h */ = {isa = PBXFileReference; lastKnownFileType = sourcecode.c.h; path = App.h; sourceTree = "<group>"; };
		94B364C323AE787200D66A35 /* Info.plist */ = {isa = PBXFileReference; lastKnownFileType = text.plist.xml; path = Info.plist; sourceTree = "<group>"; };
		94B364CE23AE78BF00D66A35 /* DetailMovieViewModel.swift */ = {isa = PBXFileReference; fileEncoding = 4; lastKnownFileType = sourcecode.swift; path = DetailMovieViewModel.swift; sourceTree = "<group>"; };
		94B364D023AE78BF00D66A35 /* DetailMovieImagesViewModel.swift */ = {isa = PBXFileReference; fileEncoding = 4; lastKnownFileType = sourcecode.swift; path = DetailMovieImagesViewModel.swift; sourceTree = "<group>"; };
		94B364D123AE78BF00D66A35 /* DetailMovieTitleSubtitleViewModel.swift */ = {isa = PBXFileReference; fileEncoding = 4; lastKnownFileType = sourcecode.swift; path = DetailMovieTitleSubtitleViewModel.swift; sourceTree = "<group>"; };
		94B364D223AE78BF00D66A35 /* DetailMovieInformationViewModel.swift */ = {isa = PBXFileReference; fileEncoding = 4; lastKnownFileType = sourcecode.swift; path = DetailMovieInformationViewModel.swift; sourceTree = "<group>"; };
		94B364D423AE78BF00D66A35 /* DetailMovieWireframe.swift */ = {isa = PBXFileReference; fileEncoding = 4; lastKnownFileType = sourcecode.swift; path = DetailMovieWireframe.swift; sourceTree = "<group>"; };
		94B364D623AE78BF00D66A35 /* DetailMovieViewController.swift */ = {isa = PBXFileReference; fileEncoding = 4; lastKnownFileType = sourcecode.swift; path = DetailMovieViewController.swift; sourceTree = "<group>"; };
		94B364D723AE78BF00D66A35 /* DetailMovieViewController.xib */ = {isa = PBXFileReference; fileEncoding = 4; lastKnownFileType = file.xib; path = DetailMovieViewController.xib; sourceTree = "<group>"; };
		94B364D923AE78C000D66A35 /* DetailMovieImagesView.xib */ = {isa = PBXFileReference; fileEncoding = 4; lastKnownFileType = file.xib; path = DetailMovieImagesView.xib; sourceTree = "<group>"; };
		94B364DA23AE78C000D66A35 /* DetailMovieImagesView.swift */ = {isa = PBXFileReference; fileEncoding = 4; lastKnownFileType = sourcecode.swift; path = DetailMovieImagesView.swift; sourceTree = "<group>"; };
		94B364DB23AE78C000D66A35 /* DetailMovieTitleSubtitleView.xib */ = {isa = PBXFileReference; fileEncoding = 4; lastKnownFileType = file.xib; path = DetailMovieTitleSubtitleView.xib; sourceTree = "<group>"; };
		94B364DC23AE78C000D66A35 /* DetailMovieInformationView.swift */ = {isa = PBXFileReference; fileEncoding = 4; lastKnownFileType = sourcecode.swift; path = DetailMovieInformationView.swift; sourceTree = "<group>"; };
		94B364DD23AE78C000D66A35 /* DetailMovieInformationView.xib */ = {isa = PBXFileReference; fileEncoding = 4; lastKnownFileType = file.xib; path = DetailMovieInformationView.xib; sourceTree = "<group>"; };
		94B364DE23AE78C000D66A35 /* DetailMovieTitleSubtitleView.swift */ = {isa = PBXFileReference; fileEncoding = 4; lastKnownFileType = sourcecode.swift; path = DetailMovieTitleSubtitleView.swift; sourceTree = "<group>"; };
		94B364E023AE78C000D66A35 /* DetailServices.swift */ = {isa = PBXFileReference; fileEncoding = 4; lastKnownFileType = sourcecode.swift; path = DetailServices.swift; sourceTree = "<group>"; };
		94B364E323AE78C000D66A35 /* MovieReviewsDataSource.swift */ = {isa = PBXFileReference; fileEncoding = 4; lastKnownFileType = sourcecode.swift; path = MovieReviewsDataSource.swift; sourceTree = "<group>"; };
		94B364E523AE78C000D66A35 /* MovieReviewsViewModel.swift */ = {isa = PBXFileReference; fileEncoding = 4; lastKnownFileType = sourcecode.swift; path = MovieReviewsViewModel.swift; sourceTree = "<group>"; };
		94B364E723AE78C000D66A35 /* MovieReviewViewModel.swift */ = {isa = PBXFileReference; fileEncoding = 4; lastKnownFileType = sourcecode.swift; path = MovieReviewViewModel.swift; sourceTree = "<group>"; };
		94B364E923AE78C000D66A35 /* MovieReviewsWireframe.swift */ = {isa = PBXFileReference; fileEncoding = 4; lastKnownFileType = sourcecode.swift; path = MovieReviewsWireframe.swift; sourceTree = "<group>"; };
		94B364EB23AE78C000D66A35 /* MovieReviewsViewController.swift */ = {isa = PBXFileReference; fileEncoding = 4; lastKnownFileType = sourcecode.swift; path = MovieReviewsViewController.swift; sourceTree = "<group>"; };
		94B364EC23AE78C000D66A35 /* MovieReviewsViewController.xib */ = {isa = PBXFileReference; fileEncoding = 4; lastKnownFileType = file.xib; path = MovieReviewsViewController.xib; sourceTree = "<group>"; };
		94B364EE23AE78C000D66A35 /* EmptyMoviesReviewView.swift */ = {isa = PBXFileReference; fileEncoding = 4; lastKnownFileType = sourcecode.swift; path = EmptyMoviesReviewView.swift; sourceTree = "<group>"; };
		94B364EF23AE78C000D66A35 /* MovieReviewCell.xib */ = {isa = PBXFileReference; fileEncoding = 4; lastKnownFileType = file.xib; path = MovieReviewCell.xib; sourceTree = "<group>"; };
		94B364F023AE78C000D66A35 /* EmptyMoviesReviewView.xib */ = {isa = PBXFileReference; fileEncoding = 4; lastKnownFileType = file.xib; path = EmptyMoviesReviewView.xib; sourceTree = "<group>"; };
		94B364F123AE78C000D66A35 /* MovieReviewCell.swift */ = {isa = PBXFileReference; fileEncoding = 4; lastKnownFileType = sourcecode.swift; path = MovieReviewCell.swift; sourceTree = "<group>"; };
		94B364F323AE78C000D66A35 /* MovieReviewsServices.swift */ = {isa = PBXFileReference; fileEncoding = 4; lastKnownFileType = sourcecode.swift; path = MovieReviewsServices.swift; sourceTree = "<group>"; };
		94B364F623AE78C000D66A35 /* ListGenreMoviesViewModel.swift */ = {isa = PBXFileReference; fileEncoding = 4; lastKnownFileType = sourcecode.swift; path = ListGenreMoviesViewModel.swift; sourceTree = "<group>"; };
		94B364F823AE78C000D66A35 /* GenreViewModel.swift */ = {isa = PBXFileReference; fileEncoding = 4; lastKnownFileType = sourcecode.swift; path = GenreViewModel.swift; sourceTree = "<group>"; };
		94B364FA23AE78C000D66A35 /* ListGenreMoviesWireframe.swift */ = {isa = PBXFileReference; fileEncoding = 4; lastKnownFileType = sourcecode.swift; path = ListGenreMoviesWireframe.swift; sourceTree = "<group>"; };
		94B364FC23AE78C000D66A35 /* ListGenreMoviesViewController.swift */ = {isa = PBXFileReference; fileEncoding = 4; lastKnownFileType = sourcecode.swift; path = ListGenreMoviesViewController.swift; sourceTree = "<group>"; };
		94B364FD23AE78C000D66A35 /* ListGenreMoviesViewController.xib */ = {isa = PBXFileReference; fileEncoding = 4; lastKnownFileType = file.xib; path = ListGenreMoviesViewController.xib; sourceTree = "<group>"; };
		94B364FF23AE78C000D66A35 /* GenreView.xib */ = {isa = PBXFileReference; fileEncoding = 4; lastKnownFileType = file.xib; path = GenreView.xib; sourceTree = "<group>"; };
		94B3650023AE78C000D66A35 /* GenreView.swift */ = {isa = PBXFileReference; fileEncoding = 4; lastKnownFileType = sourcecode.swift; path = GenreView.swift; sourceTree = "<group>"; };
		94B3650223AE78C000D66A35 /* ListGenreMoviesServices.swift */ = {isa = PBXFileReference; fileEncoding = 4; lastKnownFileType = sourcecode.swift; path = ListGenreMoviesServices.swift; sourceTree = "<group>"; };
		94B3650523AE78C000D66A35 /* MovieTrailerViewModel.swift */ = {isa = PBXFileReference; fileEncoding = 4; lastKnownFileType = sourcecode.swift; path = MovieTrailerViewModel.swift; sourceTree = "<group>"; };
		94B3650723AE78C000D66A35 /* MovieTrailerWireframe.swift */ = {isa = PBXFileReference; fileEncoding = 4; lastKnownFileType = sourcecode.swift; path = MovieTrailerWireframe.swift; sourceTree = "<group>"; };
		94B3650923AE78C000D66A35 /* MovieTrailerViewController.xib */ = {isa = PBXFileReference; fileEncoding = 4; lastKnownFileType = file.xib; path = MovieTrailerViewController.xib; sourceTree = "<group>"; };
		94B3650A23AE78C000D66A35 /* MovieTrailerViewController.swift */ = {isa = PBXFileReference; fileEncoding = 4; lastKnownFileType = sourcecode.swift; path = MovieTrailerViewController.swift; sourceTree = "<group>"; };
		94B3650D23AE78C000D66A35 /* DiscoverMoviesDataSource.swift */ = {isa = PBXFileReference; fileEncoding = 4; lastKnownFileType = sourcecode.swift; path = DiscoverMoviesDataSource.swift; sourceTree = "<group>"; };
		94B3650F23AE78C000D66A35 /* DiscoverMoviesViewModel.swift */ = {isa = PBXFileReference; fileEncoding = 4; lastKnownFileType = sourcecode.swift; path = DiscoverMoviesViewModel.swift; sourceTree = "<group>"; };
		94B3651123AE78C000D66A35 /* DiscoverMovieViewModel.swift */ = {isa = PBXFileReference; fileEncoding = 4; lastKnownFileType = sourcecode.swift; path = DiscoverMovieViewModel.swift; sourceTree = "<group>"; };
		94B3651323AE78C000D66A35 /* DiscoverMoviesWireframe.swift */ = {isa = PBXFileReference; fileEncoding = 4; lastKnownFileType = sourcecode.swift; path = DiscoverMoviesWireframe.swift; sourceTree = "<group>"; };
		94B3651523AE78C000D66A35 /* DiscoverMoviesViewController.xib */ = {isa = PBXFileReference; fileEncoding = 4; lastKnownFileType = file.xib; path = DiscoverMoviesViewController.xib; sourceTree = "<group>"; };
		94B3651623AE78C000D66A35 /* DiscoverMoviesViewController.swift */ = {isa = PBXFileReference; fileEncoding = 4; lastKnownFileType = sourcecode.swift; path = DiscoverMoviesViewController.swift; sourceTree = "<group>"; };
		94B3651823AE78C000D66A35 /* DiscoverMovieCell.swift */ = {isa = PBXFileReference; fileEncoding = 4; lastKnownFileType = sourcecode.swift; path = DiscoverMovieCell.swift; sourceTree = "<group>"; };
		94B3651923AE78C000D66A35 /* DiscoverMovieCell.xib */ = {isa = PBXFileReference; fileEncoding = 4; lastKnownFileType = file.xib; path = DiscoverMovieCell.xib; sourceTree = "<group>"; };
		94B3651B23AE78C000D66A35 /* DiscoverMoviesServices.swift */ = {isa = PBXFileReference; fileEncoding = 4; lastKnownFileType = sourcecode.swift; path = DiscoverMoviesServices.swift; sourceTree = "<group>"; };
/* End PBXFileReference section */

/* Begin PBXFrameworksBuildPhase section */
		9480399E23AE465E0097A12A /* Frameworks */ = {
			isa = PBXFrameworksBuildPhase;
			buildActionMask = 2147483647;
			files = (
				94B363B023AE68D200D66A35 /* Alamofire in Frameworks */,
			);
			runOnlyForDeploymentPostprocessing = 0;
		};
		94803A0423AE48480097A12A /* Frameworks */ = {
			isa = PBXFrameworksBuildPhase;
			buildActionMask = 2147483647;
			files = (
			);
			runOnlyForDeploymentPostprocessing = 0;
		};
		948252222398A3D500957E44 /* Frameworks */ = {
			isa = PBXFrameworksBuildPhase;
			buildActionMask = 2147483647;
			files = (
				94B3655923AE792800D66A35 /* App.framework in Frameworks */,
			);
			runOnlyForDeploymentPostprocessing = 0;
		};
		94B364BD23AE787200D66A35 /* Frameworks */ = {
			isa = PBXFrameworksBuildPhase;
			buildActionMask = 2147483647;
			files = (
				94B3655423AE78F400D66A35 /* Ui_Kit.framework in Frameworks */,
				94B3655023AE78F400D66A35 /* Kit.framework in Frameworks */,
				94B3654D23AE78F400D66A35 /* YoutubePlayerView in Frameworks */,
				94B3654B23AE78F400D66A35 /* SDWebImage in Frameworks */,
			);
			runOnlyForDeploymentPostprocessing = 0;
		};
/* End PBXFrameworksBuildPhase section */

/* Begin PBXGroup section */
		948038FE23AE44840097A12A /* Frameworks */ = {
			isa = PBXGroup;
			children = (
			);
			name = Frameworks;
			sourceTree = "<group>";
		};
		948039A223AE465E0097A12A /* Kit */ = {
			isa = PBXGroup;
			children = (
				948039AD23AE46800097A12A /* AdditionalClasses */,
				948039CB23AE46810097A12A /* Extensions */,
				948039B023AE46810097A12A /* Models */,
				948039B723AE46810097A12A /* Services */,
				948039C923AE46810097A12A /* ViewModels */,
				948039A423AE465E0097A12A /* Info.plist */,
				948039A323AE465E0097A12A /* Kit.h */,
			);
			path = Kit;
			sourceTree = "<group>";
		};
		948039AD23AE46800097A12A /* AdditionalClasses */ = {
			isa = PBXGroup;
			children = (
				948039AE23AE46800097A12A /* ListDiffable.swift */,
			);
			path = AdditionalClasses;
			sourceTree = "<group>";
		};
		948039B023AE46810097A12A /* Models */ = {
			isa = PBXGroup;
			children = (
				948039B123AE46810097A12A /* DiscoverMovieList.swift */,
				948039B223AE46810097A12A /* Videos.swift */,
				948039B323AE46810097A12A /* GenreList.swift */,
				948039B423AE46810097A12A /* MovieDetails.swift */,
				948039B523AE46810097A12A /* MovieReviews.swift */,
				948039B623AE46810097A12A /* Configuration.swift */,
			);
			path = Models;
			sourceTree = "<group>";
		};
		948039B723AE46810097A12A /* Services */ = {
			isa = PBXGroup;
			children = (
				948039B823AE46810097A12A /* Authorization.swift */,
				948039B923AE46810097A12A /* Requests */,
				948039C723AE46810097A12A /* SessionManager+Extensions.swift */,
				948039C823AE46810097A12A /* Urls.swift */,
			);
			path = Services;
			sourceTree = "<group>";
		};
		948039B923AE46810097A12A /* Requests */ = {
			isa = PBXGroup;
			children = (
				948039BA23AE46810097A12A /* Configuration */,
				948039BD23AE46810097A12A /* Discover */,
				948039BF23AE46810097A12A /* Details */,
				948039C123AE46810097A12A /* Genre */,
				948039C323AE46810097A12A /* Request.swift */,
				948039C423AE46810097A12A /* Review */,
				948039C623AE46810097A12A /* NetworkError.swift */,
			);
			path = Requests;
			sourceTree = "<group>";
		};
		948039BA23AE46810097A12A /* Configuration */ = {
			isa = PBXGroup;
			children = (
				948039BB23AE46810097A12A /* ConfigurationRequest.swift */,
				948039BC23AE46810097A12A /* ConfigurationService.swift */,
			);
			path = Configuration;
			sourceTree = "<group>";
		};
		948039BD23AE46810097A12A /* Discover */ = {
			isa = PBXGroup;
			children = (
				948039BE23AE46810097A12A /* DiscoverRequest.swift */,
			);
			path = Discover;
			sourceTree = "<group>";
		};
		948039BF23AE46810097A12A /* Details */ = {
			isa = PBXGroup;
			children = (
				948039C023AE46810097A12A /* MovieDetailRequest.swift */,
			);
			path = Details;
			sourceTree = "<group>";
		};
		948039C123AE46810097A12A /* Genre */ = {
			isa = PBXGroup;
			children = (
				948039C223AE46810097A12A /* ListGenreRequest.swift */,
			);
			path = Genre;
			sourceTree = "<group>";
		};
		948039C423AE46810097A12A /* Review */ = {
			isa = PBXGroup;
			children = (
				948039C523AE46810097A12A /* ReviewRequest.swift */,
			);
			path = Review;
			sourceTree = "<group>";
		};
		948039C923AE46810097A12A /* ViewModels */ = {
			isa = PBXGroup;
			children = (
				948039CA23AE46810097A12A /* BaseViewModel.swift */,
				94803A1E23AE4B100097A12A /* LoadingCellViewModel.swift */,
			);
			path = ViewModels;
			sourceTree = "<group>";
		};
		948039CB23AE46810097A12A /* Extensions */ = {
			isa = PBXGroup;
			children = (
				948039CE23AE46810097A12A /* Dictionary+Ops.swift */,
				948039CF23AE46810097A12A /* Collection+SafeIndex.swift */,
			);
			path = Extensions;
			sourceTree = "<group>";
		};
		94803A0823AE48480097A12A /* Ui-Kit */ = {
			isa = PBXGroup;
			children = (
				94803A2723AE4B100097A12A /* Extensions */,
				94803A1A23AE4B100097A12A /* Views */,
				94803A0A23AE48480097A12A /* Info.plist */,
				94803A0923AE48480097A12A /* Ui_Kit.h */,
			);
			path = "Ui-Kit";
			sourceTree = "<group>";
		};
		94803A1A23AE4B100097A12A /* Views */ = {
			isa = PBXGroup;
			children = (
				94803A1B23AE4B100097A12A /* Loading */,
				94803A2323AE4B100097A12A /* Base */,
			);
			path = Views;
			sourceTree = "<group>";
		};
		94803A1B23AE4B100097A12A /* Loading */ = {
			isa = PBXGroup;
			children = (
				94803A1C23AE4B100097A12A /* LoadingCell */,
				94803A2223AE4B100097A12A /* LoadingView.swift */,
			);
			path = Loading;
			sourceTree = "<group>";
		};
		94803A1C23AE4B100097A12A /* LoadingCell */ = {
			isa = PBXGroup;
			children = (
				94803A1D23AE4B100097A12A /* LoadingTableCell.swift */,
				94803A1F23AE4B100097A12A /* LoadingTableCell.xib */,
				94803A2023AE4B100097A12A /* LoadingCollectionCell.xib */,
				94803A2123AE4B100097A12A /* LoadingCollectionCell.swift */,
			);
			path = LoadingCell;
			sourceTree = "<group>";
		};
		94803A2323AE4B100097A12A /* Base */ = {
			isa = PBXGroup;
			children = (
				94803A2423AE4B100097A12A /* BaseViewController.swift */,
				94803A2523AE4B100097A12A /* BaseView.swift */,
				94803A2623AE4B100097A12A /* BaseButton.swift */,
			);
			path = Base;
			sourceTree = "<group>";
		};
		94803A2723AE4B100097A12A /* Extensions */ = {
			isa = PBXGroup;
			children = (
				94803A2A23AE4B100097A12A /* UICollectionView+Deque.swift */,
				94803A2923AE4B100097A12A /* UIControl+Combine.swift */,
				948039AF23AE46810097A12A /* UIControlSubscription+UIControlPublisher.swift */,
				94803A2823AE4B100097A12A /* UITableView+Deque.swift */,
			);
			path = Extensions;
			sourceTree = "<group>";
		};
		9482521C2398A3D500957E44 = {
			isa = PBXGroup;
			children = (
				948252272398A3D500957E44 /* Main */,
				94B364C123AE787200D66A35 /* App */,
				948039A223AE465E0097A12A /* Kit */,
				94803A0823AE48480097A12A /* Ui-Kit */,
				948252262398A3D500957E44 /* Products */,
				948038FE23AE44840097A12A /* Frameworks */,
			);
			sourceTree = "<group>";
		};
		948252262398A3D500957E44 /* Products */ = {
			isa = PBXGroup;
			children = (
				948252252398A3D500957E44 /* Main.app */,
				948039A123AE465E0097A12A /* Kit.framework */,
				94803A0723AE48480097A12A /* Ui_Kit.framework */,
				94B364C023AE787200D66A35 /* App.framework */,
			);
			name = Products;
			sourceTree = "<group>";
		};
		948252272398A3D500957E44 /* Main */ = {
			isa = PBXGroup;
			children = (
				948252282398A3D500957E44 /* AppDelegate.swift */,
				948252312398A3D600957E44 /* Assets.xcassets */,
				948252332398A3D600957E44 /* LaunchScreen.storyboard */,
				948252362398A3D600957E44 /* Info.plist */,
			);
			path = Main;
			sourceTree = "<group>";
		};
		94B364C123AE787200D66A35 /* App */ = {
			isa = PBXGroup;
			children = (
				94B364CC23AE78BF00D66A35 /* Detail */,
				94B3650B23AE78C000D66A35 /* Discover */,
				94B364F423AE78C000D66A35 /* Genre */,
				94B364E123AE78C000D66A35 /* Review */,
				94B3650323AE78C000D66A35 /* Trailer */,
				94B364C223AE787200D66A35 /* App.h */,
				94B364C323AE787200D66A35 /* Info.plist */,
			);
			path = App;
			sourceTree = "<group>";
		};
		94B364CC23AE78BF00D66A35 /* Detail */ = {
			isa = PBXGroup;
			children = (
				94B364CD23AE78BF00D66A35 /* ViewModels */,
				94B364D323AE78BF00D66A35 /* Wireframe */,
				94B364D523AE78BF00D66A35 /* ViewControllers */,
				94B364D823AE78C000D66A35 /* Views */,
				94B364DF23AE78C000D66A35 /* Services */,
			);
			path = Detail;
			sourceTree = "<group>";
		};
		94B364CD23AE78BF00D66A35 /* ViewModels */ = {
			isa = PBXGroup;
			children = (
				94B364CE23AE78BF00D66A35 /* DetailMovieViewModel.swift */,
				94B364CF23AE78BF00D66A35 /* Views */,
			);
			path = ViewModels;
			sourceTree = "<group>";
		};
		94B364CF23AE78BF00D66A35 /* Views */ = {
			isa = PBXGroup;
			children = (
				94B364D023AE78BF00D66A35 /* DetailMovieImagesViewModel.swift */,
				94B364D123AE78BF00D66A35 /* DetailMovieTitleSubtitleViewModel.swift */,
				94B364D223AE78BF00D66A35 /* DetailMovieInformationViewModel.swift */,
			);
			path = Views;
			sourceTree = "<group>";
		};
		94B364D323AE78BF00D66A35 /* Wireframe */ = {
			isa = PBXGroup;
			children = (
				94B364D423AE78BF00D66A35 /* DetailMovieWireframe.swift */,
			);
			path = Wireframe;
			sourceTree = "<group>";
		};
		94B364D523AE78BF00D66A35 /* ViewControllers */ = {
			isa = PBXGroup;
			children = (
				94B364D623AE78BF00D66A35 /* DetailMovieViewController.swift */,
				94B364D723AE78BF00D66A35 /* DetailMovieViewController.xib */,
			);
			path = ViewControllers;
			sourceTree = "<group>";
		};
		94B364D823AE78C000D66A35 /* Views */ = {
			isa = PBXGroup;
			children = (
				94B364D923AE78C000D66A35 /* DetailMovieImagesView.xib */,
				94B364DA23AE78C000D66A35 /* DetailMovieImagesView.swift */,
				94B364DB23AE78C000D66A35 /* DetailMovieTitleSubtitleView.xib */,
				94B364DC23AE78C000D66A35 /* DetailMovieInformationView.swift */,
				94B364DD23AE78C000D66A35 /* DetailMovieInformationView.xib */,
				94B364DE23AE78C000D66A35 /* DetailMovieTitleSubtitleView.swift */,
			);
			path = Views;
			sourceTree = "<group>";
		};
		94B364DF23AE78C000D66A35 /* Services */ = {
			isa = PBXGroup;
			children = (
				94B364E023AE78C000D66A35 /* DetailServices.swift */,
			);
			path = Services;
			sourceTree = "<group>";
		};
		94B364E123AE78C000D66A35 /* Review */ = {
			isa = PBXGroup;
			children = (
				94B364E223AE78C000D66A35 /* DataSources */,
				94B364E423AE78C000D66A35 /* ViewModels */,
				94B364E823AE78C000D66A35 /* Wireframe */,
				94B364EA23AE78C000D66A35 /* ViewControllers */,
				94B364ED23AE78C000D66A35 /* Views */,
				94B364F223AE78C000D66A35 /* Services */,
			);
			path = Review;
			sourceTree = "<group>";
		};
		94B364E223AE78C000D66A35 /* DataSources */ = {
			isa = PBXGroup;
			children = (
				94B364E323AE78C000D66A35 /* MovieReviewsDataSource.swift */,
			);
			path = DataSources;
			sourceTree = "<group>";
		};
		94B364E423AE78C000D66A35 /* ViewModels */ = {
			isa = PBXGroup;
			children = (
				94B364E523AE78C000D66A35 /* MovieReviewsViewModel.swift */,
				94B364E623AE78C000D66A35 /* Views */,
			);
			path = ViewModels;
			sourceTree = "<group>";
		};
		94B364E623AE78C000D66A35 /* Views */ = {
			isa = PBXGroup;
			children = (
				94B364E723AE78C000D66A35 /* MovieReviewViewModel.swift */,
			);
			path = Views;
			sourceTree = "<group>";
		};
		94B364E823AE78C000D66A35 /* Wireframe */ = {
			isa = PBXGroup;
			children = (
				94B364E923AE78C000D66A35 /* MovieReviewsWireframe.swift */,
			);
			path = Wireframe;
			sourceTree = "<group>";
		};
		94B364EA23AE78C000D66A35 /* ViewControllers */ = {
			isa = PBXGroup;
			children = (
				94B364EB23AE78C000D66A35 /* MovieReviewsViewController.swift */,
				94B364EC23AE78C000D66A35 /* MovieReviewsViewController.xib */,
			);
			path = ViewControllers;
			sourceTree = "<group>";
		};
		94B364ED23AE78C000D66A35 /* Views */ = {
			isa = PBXGroup;
			children = (
				94B364EE23AE78C000D66A35 /* EmptyMoviesReviewView.swift */,
				94B364EF23AE78C000D66A35 /* MovieReviewCell.xib */,
				94B364F023AE78C000D66A35 /* EmptyMoviesReviewView.xib */,
				94B364F123AE78C000D66A35 /* MovieReviewCell.swift */,
			);
			path = Views;
			sourceTree = "<group>";
		};
		94B364F223AE78C000D66A35 /* Services */ = {
			isa = PBXGroup;
			children = (
				94B364F323AE78C000D66A35 /* MovieReviewsServices.swift */,
			);
			path = Services;
			sourceTree = "<group>";
		};
		94B364F423AE78C000D66A35 /* Genre */ = {
			isa = PBXGroup;
			children = (
				94B364F523AE78C000D66A35 /* ViewModels */,
				94B364F923AE78C000D66A35 /* Wireframes */,
				94B364FB23AE78C000D66A35 /* ViewControllers */,
				94B364FE23AE78C000D66A35 /* Views */,
				94B3650123AE78C000D66A35 /* Services */,
			);
			path = Genre;
			sourceTree = "<group>";
		};
		94B364F523AE78C000D66A35 /* ViewModels */ = {
			isa = PBXGroup;
			children = (
				94B364F623AE78C000D66A35 /* ListGenreMoviesViewModel.swift */,
				94B364F723AE78C000D66A35 /* Views */,
			);
			path = ViewModels;
			sourceTree = "<group>";
		};
		94B364F723AE78C000D66A35 /* Views */ = {
			isa = PBXGroup;
			children = (
				94B364F823AE78C000D66A35 /* GenreViewModel.swift */,
			);
			path = Views;
			sourceTree = "<group>";
		};
		94B364F923AE78C000D66A35 /* Wireframes */ = {
			isa = PBXGroup;
			children = (
				94B364FA23AE78C000D66A35 /* ListGenreMoviesWireframe.swift */,
			);
			path = Wireframes;
			sourceTree = "<group>";
		};
		94B364FB23AE78C000D66A35 /* ViewControllers */ = {
			isa = PBXGroup;
			children = (
				94B364FC23AE78C000D66A35 /* ListGenreMoviesViewController.swift */,
				94B364FD23AE78C000D66A35 /* ListGenreMoviesViewController.xib */,
			);
			path = ViewControllers;
			sourceTree = "<group>";
		};
		94B364FE23AE78C000D66A35 /* Views */ = {
			isa = PBXGroup;
			children = (
				94B364FF23AE78C000D66A35 /* GenreView.xib */,
				94B3650023AE78C000D66A35 /* GenreView.swift */,
			);
			path = Views;
			sourceTree = "<group>";
		};
		94B3650123AE78C000D66A35 /* Services */ = {
			isa = PBXGroup;
			children = (
				94B3650223AE78C000D66A35 /* ListGenreMoviesServices.swift */,
			);
			path = Services;
			sourceTree = "<group>";
		};
		94B3650323AE78C000D66A35 /* Trailer */ = {
			isa = PBXGroup;
			children = (
				94B3650423AE78C000D66A35 /* ViewModels */,
				94B3650623AE78C000D66A35 /* Wireframe */,
				94B3650823AE78C000D66A35 /* ViewControllers */,
			);
			path = Trailer;
			sourceTree = "<group>";
		};
		94B3650423AE78C000D66A35 /* ViewModels */ = {
			isa = PBXGroup;
			children = (
				94B3650523AE78C000D66A35 /* MovieTrailerViewModel.swift */,
			);
			path = ViewModels;
			sourceTree = "<group>";
		};
		94B3650623AE78C000D66A35 /* Wireframe */ = {
			isa = PBXGroup;
			children = (
				94B3650723AE78C000D66A35 /* MovieTrailerWireframe.swift */,
			);
			path = Wireframe;
			sourceTree = "<group>";
		};
		94B3650823AE78C000D66A35 /* ViewControllers */ = {
			isa = PBXGroup;
			children = (
				94B3650923AE78C000D66A35 /* MovieTrailerViewController.xib */,
				94B3650A23AE78C000D66A35 /* MovieTrailerViewController.swift */,
			);
			path = ViewControllers;
			sourceTree = "<group>";
		};
		94B3650B23AE78C000D66A35 /* Discover */ = {
			isa = PBXGroup;
			children = (
				94B3650C23AE78C000D66A35 /* DataSources */,
				94B3650E23AE78C000D66A35 /* ViewModels */,
				94B3651223AE78C000D66A35 /* Wireframe */,
				94B3651423AE78C000D66A35 /* ViewControllers */,
				94B3651723AE78C000D66A35 /* Views */,
				94B3651A23AE78C000D66A35 /* Services */,
			);
			path = Discover;
			sourceTree = "<group>";
		};
		94B3650C23AE78C000D66A35 /* DataSources */ = {
			isa = PBXGroup;
			children = (
				94B3650D23AE78C000D66A35 /* DiscoverMoviesDataSource.swift */,
			);
			path = DataSources;
			sourceTree = "<group>";
		};
		94B3650E23AE78C000D66A35 /* ViewModels */ = {
			isa = PBXGroup;
			children = (
				94B3650F23AE78C000D66A35 /* DiscoverMoviesViewModel.swift */,
				94B3651023AE78C000D66A35 /* Views */,
			);
			path = ViewModels;
			sourceTree = "<group>";
		};
		94B3651023AE78C000D66A35 /* Views */ = {
			isa = PBXGroup;
			children = (
				94B3651123AE78C000D66A35 /* DiscoverMovieViewModel.swift */,
			);
			path = Views;
			sourceTree = "<group>";
		};
		94B3651223AE78C000D66A35 /* Wireframe */ = {
			isa = PBXGroup;
			children = (
				94B3651323AE78C000D66A35 /* DiscoverMoviesWireframe.swift */,
			);
			path = Wireframe;
			sourceTree = "<group>";
		};
		94B3651423AE78C000D66A35 /* ViewControllers */ = {
			isa = PBXGroup;
			children = (
				94B3651523AE78C000D66A35 /* DiscoverMoviesViewController.xib */,
				94B3651623AE78C000D66A35 /* DiscoverMoviesViewController.swift */,
			);
			path = ViewControllers;
			sourceTree = "<group>";
		};
		94B3651723AE78C000D66A35 /* Views */ = {
			isa = PBXGroup;
			children = (
				94B3651823AE78C000D66A35 /* DiscoverMovieCell.swift */,
				94B3651923AE78C000D66A35 /* DiscoverMovieCell.xib */,
			);
			path = Views;
			sourceTree = "<group>";
		};
		94B3651A23AE78C000D66A35 /* Services */ = {
			isa = PBXGroup;
			children = (
				94B3651B23AE78C000D66A35 /* DiscoverMoviesServices.swift */,
			);
			path = Services;
			sourceTree = "<group>";
		};
/* End PBXGroup section */

/* Begin PBXHeadersBuildPhase section */
		9480399C23AE465E0097A12A /* Headers */ = {
			isa = PBXHeadersBuildPhase;
			buildActionMask = 2147483647;
			files = (
				948039A523AE465E0097A12A /* Kit.h in Headers */,
			);
			runOnlyForDeploymentPostprocessing = 0;
		};
		94803A0223AE48480097A12A /* Headers */ = {
			isa = PBXHeadersBuildPhase;
			buildActionMask = 2147483647;
			files = (
				94803A0B23AE48480097A12A /* Ui_Kit.h in Headers */,
			);
			runOnlyForDeploymentPostprocessing = 0;
		};
		94B364BB23AE787200D66A35 /* Headers */ = {
			isa = PBXHeadersBuildPhase;
			buildActionMask = 2147483647;
			files = (
				94B364C423AE787200D66A35 /* App.h in Headers */,
			);
			runOnlyForDeploymentPostprocessing = 0;
		};
/* End PBXHeadersBuildPhase section */

/* Begin PBXNativeTarget section */
		948039A023AE465E0097A12A /* Kit */ = {
			isa = PBXNativeTarget;
			buildConfigurationList = 948039AA23AE465E0097A12A /* Build configuration list for PBXNativeTarget "Kit" */;
			buildPhases = (
				9480399C23AE465E0097A12A /* Headers */,
				9480399D23AE465E0097A12A /* Sources */,
				9480399E23AE465E0097A12A /* Frameworks */,
				9480399F23AE465E0097A12A /* Resources */,
			);
			buildRules = (
			);
			dependencies = (
			);
			name = Kit;
			packageProductDependencies = (
				94B363AF23AE68D200D66A35 /* Alamofire */,
			);
			productName = Kit;
			productReference = 948039A123AE465E0097A12A /* Kit.framework */;
			productType = "com.apple.product-type.framework";
		};
		94803A0623AE48480097A12A /* Ui-Kit */ = {
			isa = PBXNativeTarget;
			buildConfigurationList = 94803A1023AE48480097A12A /* Build configuration list for PBXNativeTarget "Ui-Kit" */;
			buildPhases = (
				94803A0223AE48480097A12A /* Headers */,
				94803A0323AE48480097A12A /* Sources */,
				94803A0423AE48480097A12A /* Frameworks */,
				94803A0523AE48480097A12A /* Resources */,
			);
			buildRules = (
			);
			dependencies = (
			);
			name = "Ui-Kit";
			productName = "Ui-Kit";
			productReference = 94803A0723AE48480097A12A /* Ui_Kit.framework */;
			productType = "com.apple.product-type.framework";
		};
		948252242398A3D500957E44 /* Main */ = {
			isa = PBXNativeTarget;
			buildConfigurationList = 948252392398A3D600957E44 /* Build configuration list for PBXNativeTarget "Main" */;
			buildPhases = (
				948252212398A3D500957E44 /* Sources */,
				948252222398A3D500957E44 /* Frameworks */,
				948252232398A3D500957E44 /* Resources */,
				94B3655D23AE792800D66A35 /* Embed Frameworks */,
			);
			buildRules = (
			);
			dependencies = (
				94B3655C23AE792800D66A35 /* PBXTargetDependency */,
			);
			name = Main;
			packageProductDependencies = (
			);
			productName = themoviedb;
			productReference = 948252252398A3D500957E44 /* Main.app */;
			productType = "com.apple.product-type.application";
		};
		94B364BF23AE787200D66A35 /* App */ = {
			isa = PBXNativeTarget;
			buildConfigurationList = 94B364C923AE787200D66A35 /* Build configuration list for PBXNativeTarget "App" */;
			buildPhases = (
				94B364BB23AE787200D66A35 /* Headers */,
				94B364BC23AE787200D66A35 /* Sources */,
				94B364BD23AE787200D66A35 /* Frameworks */,
				94B364BE23AE787200D66A35 /* Resources */,
				94B3655823AE78F400D66A35 /* Embed Frameworks */,
			);
			buildRules = (
			);
			dependencies = (
				94B3655323AE78F400D66A35 /* PBXTargetDependency */,
				94B3655723AE78F400D66A35 /* PBXTargetDependency */,
			);
			name = App;
			packageProductDependencies = (
				94B3654A23AE78F400D66A35 /* SDWebImage */,
				94B3654C23AE78F400D66A35 /* YoutubePlayerView */,
			);
			productName = App;
			productReference = 94B364C023AE787200D66A35 /* App.framework */;
			productType = "com.apple.product-type.framework";
		};
/* End PBXNativeTarget section */

/* Begin PBXProject section */
		9482521D2398A3D500957E44 /* Project object */ = {
			isa = PBXProject;
			attributes = {
				LastSwiftUpdateCheck = 1120;
				LastUpgradeCheck = 1120;
				ORGANIZATIONNAME = OVO;
				TargetAttributes = {
					948039A023AE465E0097A12A = {
						CreatedOnToolsVersion = 11.2.1;
					};
					94803A0623AE48480097A12A = {
						CreatedOnToolsVersion = 11.2.1;
					};
					948252242398A3D500957E44 = {
						CreatedOnToolsVersion = 11.2.1;
					};
					94B364BF23AE787200D66A35 = {
						CreatedOnToolsVersion = 11.2.1;
					};
				};
			};
			buildConfigurationList = 948252202398A3D500957E44 /* Build configuration list for PBXProject "themoviedb" */;
			compatibilityVersion = "Xcode 9.3";
			developmentRegion = en;
			hasScannedForEncodings = 0;
			knownRegions = (
				en,
				Base,
			);
			mainGroup = 9482521C2398A3D500957E44;
			packageReferences = (
				94823E70239A851000BE0FCF /* XCRemoteSwiftPackageReference "SDWebImage" */,
				94000ED0239BE3020012FFDC /* XCRemoteSwiftPackageReference "YoutubePlayerView" */,
				94B363AA23AE68A200D66A35 /* XCRemoteSwiftPackageReference "Alamofire" */,
			);
			productRefGroup = 948252262398A3D500957E44 /* Products */;
			projectDirPath = "";
			projectRoot = "";
			targets = (
				948252242398A3D500957E44 /* Main */,
				948039A023AE465E0097A12A /* Kit */,
				94803A0623AE48480097A12A /* Ui-Kit */,
				94B364BF23AE787200D66A35 /* App */,
			);
		};
/* End PBXProject section */

/* Begin PBXResourcesBuildPhase section */
		9480399F23AE465E0097A12A /* Resources */ = {
			isa = PBXResourcesBuildPhase;
			buildActionMask = 2147483647;
			files = (
			);
			runOnlyForDeploymentPostprocessing = 0;
		};
		94803A0523AE48480097A12A /* Resources */ = {
			isa = PBXResourcesBuildPhase;
			buildActionMask = 2147483647;
			files = (
				94803A2E23AE4B100097A12A /* LoadingCollectionCell.xib in Resources */,
				94803A2D23AE4B100097A12A /* LoadingTableCell.xib in Resources */,
			);
			runOnlyForDeploymentPostprocessing = 0;
		};
		948252232398A3D500957E44 /* Resources */ = {
			isa = PBXResourcesBuildPhase;
			buildActionMask = 2147483647;
			files = (
				948252352398A3D600957E44 /* LaunchScreen.storyboard in Resources */,
				948252322398A3D600957E44 /* Assets.xcassets in Resources */,
			);
			runOnlyForDeploymentPostprocessing = 0;
		};
		94B364BE23AE787200D66A35 /* Resources */ = {
			isa = PBXResourcesBuildPhase;
			buildActionMask = 2147483647;
			files = (
				94B3652323AE78C000D66A35 /* DetailMovieImagesView.xib in Resources */,
				94B3652523AE78C000D66A35 /* DetailMovieTitleSubtitleView.xib in Resources */,
				94B3653223AE78C000D66A35 /* EmptyMoviesReviewView.xib in Resources */,
				94B3653A23AE78C000D66A35 /* GenreView.xib in Resources */,
				94B3653923AE78C000D66A35 /* ListGenreMoviesViewController.xib in Resources */,
				94B3654823AE78C000D66A35 /* DiscoverMovieCell.xib in Resources */,
				94B3653123AE78C000D66A35 /* MovieReviewCell.xib in Resources */,
				94B3652223AE78C000D66A35 /* DetailMovieViewController.xib in Resources */,
				94B3653F23AE78C000D66A35 /* MovieTrailerViewController.xib in Resources */,
				94B3652723AE78C000D66A35 /* DetailMovieInformationView.xib in Resources */,
				94B3654523AE78C000D66A35 /* DiscoverMoviesViewController.xib in Resources */,
				94B3652F23AE78C000D66A35 /* MovieReviewsViewController.xib in Resources */,
			);
			runOnlyForDeploymentPostprocessing = 0;
		};
/* End PBXResourcesBuildPhase section */

/* Begin PBXSourcesBuildPhase section */
		9480399D23AE465E0097A12A /* Sources */ = {
			isa = PBXSourcesBuildPhase;
			buildActionMask = 2147483647;
			files = (
				948039E123AE46810097A12A /* NetworkError.swift in Sources */,
				948039E423AE46810097A12A /* BaseViewModel.swift in Sources */,
				948039D723AE46810097A12A /* MovieReviews.swift in Sources */,
				948039DE23AE46810097A12A /* ListGenreRequest.swift in Sources */,
				948039D123AE46810097A12A /* ListDiffable.swift in Sources */,
				948039D423AE46810097A12A /* Videos.swift in Sources */,
				948039E323AE46810097A12A /* Urls.swift in Sources */,
				948039DB23AE46810097A12A /* ConfigurationService.swift in Sources */,
				94803A3723AE4B600097A12A /* LoadingCellViewModel.swift in Sources */,
				948039DC23AE46810097A12A /* DiscoverRequest.swift in Sources */,
				948039D323AE46810097A12A /* DiscoverMovieList.swift in Sources */,
				948039DF23AE46810097A12A /* Request.swift in Sources */,
				948039DD23AE46810097A12A /* MovieDetailRequest.swift in Sources */,
				948039E023AE46810097A12A /* ReviewRequest.swift in Sources */,
				948039D523AE46810097A12A /* GenreList.swift in Sources */,
				948039D923AE46810097A12A /* Authorization.swift in Sources */,
				948039E723AE46810097A12A /* Dictionary+Ops.swift in Sources */,
				948039E823AE46810097A12A /* Collection+SafeIndex.swift in Sources */,
				948039E223AE46810097A12A /* SessionManager+Extensions.swift in Sources */,
				948039D823AE46810097A12A /* Configuration.swift in Sources */,
				948039DA23AE46810097A12A /* ConfigurationRequest.swift in Sources */,
				948039D623AE46810097A12A /* MovieDetails.swift in Sources */,
			);
			runOnlyForDeploymentPostprocessing = 0;
		};
		94803A0323AE48480097A12A /* Sources */ = {
			isa = PBXSourcesBuildPhase;
			buildActionMask = 2147483647;
			files = (
				94803A3123AE4B100097A12A /* BaseViewController.swift in Sources */,
				94803A3523AE4B100097A12A /* UIControl+Combine.swift in Sources */,
				94803A2B23AE4B100097A12A /* LoadingTableCell.swift in Sources */,
				94803A3423AE4B100097A12A /* UITableView+Deque.swift in Sources */,
				94803A3023AE4B100097A12A /* LoadingView.swift in Sources */,
				94803A3323AE4B100097A12A /* BaseButton.swift in Sources */,
				94803A3223AE4B100097A12A /* BaseView.swift in Sources */,
				94803A3823AE4B940097A12A /* UIControlSubscription+UIControlPublisher.swift in Sources */,
				94803A2F23AE4B100097A12A /* LoadingCollectionCell.swift in Sources */,
				94803A3623AE4B100097A12A /* UICollectionView+Deque.swift in Sources */,
			);
			runOnlyForDeploymentPostprocessing = 0;
		};
		948252212398A3D500957E44 /* Sources */ = {
			isa = PBXSourcesBuildPhase;
			buildActionMask = 2147483647;
			files = (
				948252292398A3D500957E44 /* AppDelegate.swift in Sources */,
			);
			runOnlyForDeploymentPostprocessing = 0;
		};
		94B364BC23AE787200D66A35 /* Sources */ = {
			isa = PBXSourcesBuildPhase;
			buildActionMask = 2147483647;
			files = (
				94B3654023AE78C000D66A35 /* MovieTrailerViewController.swift in Sources */,
				94B3653423AE78C000D66A35 /* MovieReviewsServices.swift in Sources */,
				94B3654323AE78C000D66A35 /* DiscoverMovieViewModel.swift in Sources */,
				94B3652823AE78C000D66A35 /* DetailMovieTitleSubtitleView.swift in Sources */,
				94B3652423AE78C000D66A35 /* DetailMovieImagesView.swift in Sources */,
				94B3653323AE78C000D66A35 /* MovieReviewCell.swift in Sources */,
				94B3654623AE78C000D66A35 /* DiscoverMoviesViewController.swift in Sources */,
				94B3654723AE78C000D66A35 /* DiscoverMovieCell.swift in Sources */,
				94B3653523AE78C000D66A35 /* ListGenreMoviesViewModel.swift in Sources */,
				94B3654123AE78C000D66A35 /* DiscoverMoviesDataSource.swift in Sources */,
				94B3651D23AE78C000D66A35 /* DetailMovieImagesViewModel.swift in Sources */,
				94B3654423AE78C000D66A35 /* DiscoverMoviesWireframe.swift in Sources */,
				94B3654223AE78C000D66A35 /* DiscoverMoviesViewModel.swift in Sources */,
				94B3651F23AE78C000D66A35 /* DetailMovieInformationViewModel.swift in Sources */,
				94B3652A23AE78C000D66A35 /* MovieReviewsDataSource.swift in Sources */,
				94B3653B23AE78C000D66A35 /* GenreView.swift in Sources */,
				94B3653023AE78C000D66A35 /* EmptyMoviesReviewView.swift in Sources */,
				94B3652923AE78C000D66A35 /* DetailServices.swift in Sources */,
				94B3652023AE78C000D66A35 /* DetailMovieWireframe.swift in Sources */,
				94B3653C23AE78C000D66A35 /* ListGenreMoviesServices.swift in Sources */,
				94B3652D23AE78C000D66A35 /* MovieReviewsWireframe.swift in Sources */,
				94B3653D23AE78C000D66A35 /* MovieTrailerViewModel.swift in Sources */,
				94B3653623AE78C000D66A35 /* GenreViewModel.swift in Sources */,
				94B3652C23AE78C000D66A35 /* MovieReviewViewModel.swift in Sources */,
				94B3652B23AE78C000D66A35 /* MovieReviewsViewModel.swift in Sources */,
				94B3653823AE78C000D66A35 /* ListGenreMoviesViewController.swift in Sources */,
				94B3651E23AE78C000D66A35 /* DetailMovieTitleSubtitleViewModel.swift in Sources */,
				94B3652E23AE78C000D66A35 /* MovieReviewsViewController.swift in Sources */,
				94B3653723AE78C000D66A35 /* ListGenreMoviesWireframe.swift in Sources */,
				94B3652123AE78C000D66A35 /* DetailMovieViewController.swift in Sources */,
				94B3652623AE78C000D66A35 /* DetailMovieInformationView.swift in Sources */,
				94B3654923AE78C000D66A35 /* DiscoverMoviesServices.swift in Sources */,
				94B3651C23AE78C000D66A35 /* DetailMovieViewModel.swift in Sources */,
				94B3653E23AE78C000D66A35 /* MovieTrailerWireframe.swift in Sources */,
			);
			runOnlyForDeploymentPostprocessing = 0;
		};
/* End PBXSourcesBuildPhase section */

/* Begin PBXTargetDependency section */
		94B3655323AE78F400D66A35 /* PBXTargetDependency */ = {
			isa = PBXTargetDependency;
			target = 948039A023AE465E0097A12A /* Kit */;
			targetProxy = 94B3655223AE78F400D66A35 /* PBXContainerItemProxy */;
		};
		94B3655723AE78F400D66A35 /* PBXTargetDependency */ = {
			isa = PBXTargetDependency;
			target = 94803A0623AE48480097A12A /* Ui-Kit */;
			targetProxy = 94B3655623AE78F400D66A35 /* PBXContainerItemProxy */;
		};
		94B3655C23AE792800D66A35 /* PBXTargetDependency */ = {
			isa = PBXTargetDependency;
			target = 94B364BF23AE787200D66A35 /* App */;
			targetProxy = 94B3655B23AE792800D66A35 /* PBXContainerItemProxy */;
		};
/* End PBXTargetDependency section */

/* Begin PBXVariantGroup section */
		948252332398A3D600957E44 /* LaunchScreen.storyboard */ = {
			isa = PBXVariantGroup;
			children = (
				948252342398A3D600957E44 /* Base */,
			);
			name = LaunchScreen.storyboard;
			sourceTree = "<group>";
		};
/* End PBXVariantGroup section */

/* Begin XCBuildConfiguration section */
		948039AB23AE465E0097A12A /* Debug */ = {
			isa = XCBuildConfiguration;
			buildSettings = {
				CODE_SIGN_STYLE = Automatic;
				CURRENT_PROJECT_VERSION = 1;
				DEFINES_MODULE = YES;
				DERIVE_MACCATALYST_PRODUCT_BUNDLE_IDENTIFIER = NO;
				DEVELOPMENT_TEAM = JJ3F2X5A8T;
				DYLIB_COMPATIBILITY_VERSION = 1;
				DYLIB_CURRENT_VERSION = 1;
				DYLIB_INSTALL_NAME_BASE = "@rpath";
				INFOPLIST_FILE = Kit/Info.plist;
				INSTALL_PATH = "$(LOCAL_LIBRARY_DIR)/Frameworks";
				LD_RUNPATH_SEARCH_PATHS = (
					"$(inherited)",
					"@executable_path/Frameworks",
					"@loader_path/Frameworks",
				);
				PRODUCT_BUNDLE_IDENTIFIER = home.Kit;
				PRODUCT_NAME = "$(TARGET_NAME:c99extidentifier)";
				SKIP_INSTALL = YES;
				SUPPORTS_MACCATALYST = NO;
				SWIFT_VERSION = 5.0;
				TARGETED_DEVICE_FAMILY = "1,2";
				VERSIONING_SYSTEM = "apple-generic";
				VERSION_INFO_PREFIX = "";
			};
			name = Debug;
		};
		948039AC23AE465E0097A12A /* Release */ = {
			isa = XCBuildConfiguration;
			buildSettings = {
				CODE_SIGN_STYLE = Automatic;
				CURRENT_PROJECT_VERSION = 1;
				DEFINES_MODULE = YES;
				DERIVE_MACCATALYST_PRODUCT_BUNDLE_IDENTIFIER = NO;
				DEVELOPMENT_TEAM = JJ3F2X5A8T;
				DYLIB_COMPATIBILITY_VERSION = 1;
				DYLIB_CURRENT_VERSION = 1;
				DYLIB_INSTALL_NAME_BASE = "@rpath";
				INFOPLIST_FILE = Kit/Info.plist;
				INSTALL_PATH = "$(LOCAL_LIBRARY_DIR)/Frameworks";
				LD_RUNPATH_SEARCH_PATHS = (
					"$(inherited)",
					"@executable_path/Frameworks",
					"@loader_path/Frameworks",
				);
				PRODUCT_BUNDLE_IDENTIFIER = home.Kit;
				PRODUCT_NAME = "$(TARGET_NAME:c99extidentifier)";
				SKIP_INSTALL = YES;
				SUPPORTS_MACCATALYST = NO;
				SWIFT_VERSION = 5.0;
				TARGETED_DEVICE_FAMILY = "1,2";
				VERSIONING_SYSTEM = "apple-generic";
				VERSION_INFO_PREFIX = "";
			};
			name = Release;
		};
		94803A1123AE48480097A12A /* Debug */ = {
			isa = XCBuildConfiguration;
			buildSettings = {
				CODE_SIGN_STYLE = Automatic;
				CURRENT_PROJECT_VERSION = 1;
				DEFINES_MODULE = YES;
				DERIVE_MACCATALYST_PRODUCT_BUNDLE_IDENTIFIER = NO;
				DEVELOPMENT_TEAM = JJ3F2X5A8T;
				DYLIB_COMPATIBILITY_VERSION = 1;
				DYLIB_CURRENT_VERSION = 1;
				DYLIB_INSTALL_NAME_BASE = "@rpath";
				INFOPLIST_FILE = "Ui-Kit/Info.plist";
				INSTALL_PATH = "$(LOCAL_LIBRARY_DIR)/Frameworks";
				LD_RUNPATH_SEARCH_PATHS = (
					"$(inherited)",
					"@executable_path/Frameworks",
					"@loader_path/Frameworks",
				);
				PRODUCT_BUNDLE_IDENTIFIER = "home.Ui-Kit";
				PRODUCT_NAME = "$(TARGET_NAME:c99extidentifier)";
				SKIP_INSTALL = YES;
				SUPPORTS_MACCATALYST = NO;
				SWIFT_VERSION = 5.0;
				TARGETED_DEVICE_FAMILY = "1,2";
				VERSIONING_SYSTEM = "apple-generic";
				VERSION_INFO_PREFIX = "";
			};
			name = Debug;
		};
		94803A1223AE48480097A12A /* Release */ = {
			isa = XCBuildConfiguration;
			buildSettings = {
				CODE_SIGN_STYLE = Automatic;
				CURRENT_PROJECT_VERSION = 1;
				DEFINES_MODULE = YES;
				DERIVE_MACCATALYST_PRODUCT_BUNDLE_IDENTIFIER = NO;
				DEVELOPMENT_TEAM = JJ3F2X5A8T;
				DYLIB_COMPATIBILITY_VERSION = 1;
				DYLIB_CURRENT_VERSION = 1;
				DYLIB_INSTALL_NAME_BASE = "@rpath";
				INFOPLIST_FILE = "Ui-Kit/Info.plist";
				INSTALL_PATH = "$(LOCAL_LIBRARY_DIR)/Frameworks";
				LD_RUNPATH_SEARCH_PATHS = (
					"$(inherited)",
					"@executable_path/Frameworks",
					"@loader_path/Frameworks",
				);
				PRODUCT_BUNDLE_IDENTIFIER = "home.Ui-Kit";
				PRODUCT_NAME = "$(TARGET_NAME:c99extidentifier)";
				SKIP_INSTALL = YES;
				SUPPORTS_MACCATALYST = NO;
				SWIFT_VERSION = 5.0;
				TARGETED_DEVICE_FAMILY = "1,2";
				VERSIONING_SYSTEM = "apple-generic";
				VERSION_INFO_PREFIX = "";
			};
			name = Release;
		};
		948252372398A3D600957E44 /* Debug */ = {
			isa = XCBuildConfiguration;
			buildSettings = {
				ALWAYS_SEARCH_USER_PATHS = NO;
				CLANG_ANALYZER_NONNULL = YES;
				CLANG_ANALYZER_NUMBER_OBJECT_CONVERSION = YES_AGGRESSIVE;
				CLANG_CXX_LANGUAGE_STANDARD = "gnu++14";
				CLANG_CXX_LIBRARY = "libc++";
				CLANG_ENABLE_MODULES = YES;
				CLANG_ENABLE_OBJC_ARC = YES;
				CLANG_ENABLE_OBJC_WEAK = YES;
				CLANG_WARN_BLOCK_CAPTURE_AUTORELEASING = YES;
				CLANG_WARN_BOOL_CONVERSION = YES;
				CLANG_WARN_COMMA = YES;
				CLANG_WARN_CONSTANT_CONVERSION = YES;
				CLANG_WARN_DEPRECATED_OBJC_IMPLEMENTATIONS = YES;
				CLANG_WARN_DIRECT_OBJC_ISA_USAGE = YES_ERROR;
				CLANG_WARN_DOCUMENTATION_COMMENTS = YES;
				CLANG_WARN_EMPTY_BODY = YES;
				CLANG_WARN_ENUM_CONVERSION = YES;
				CLANG_WARN_INFINITE_RECURSION = YES;
				CLANG_WARN_INT_CONVERSION = YES;
				CLANG_WARN_NON_LITERAL_NULL_CONVERSION = YES;
				CLANG_WARN_OBJC_IMPLICIT_RETAIN_SELF = YES;
				CLANG_WARN_OBJC_LITERAL_CONVERSION = YES;
				CLANG_WARN_OBJC_ROOT_CLASS = YES_ERROR;
				CLANG_WARN_RANGE_LOOP_ANALYSIS = YES;
				CLANG_WARN_STRICT_PROTOTYPES = YES;
				CLANG_WARN_SUSPICIOUS_MOVE = YES;
				CLANG_WARN_UNGUARDED_AVAILABILITY = YES_AGGRESSIVE;
				CLANG_WARN_UNREACHABLE_CODE = YES;
				CLANG_WARN__DUPLICATE_METHOD_MATCH = YES;
				COPY_PHASE_STRIP = NO;
				DEBUG_INFORMATION_FORMAT = dwarf;
				ENABLE_STRICT_OBJC_MSGSEND = YES;
				ENABLE_TESTABILITY = YES;
				GCC_C_LANGUAGE_STANDARD = gnu11;
				GCC_DYNAMIC_NO_PIC = NO;
				GCC_NO_COMMON_BLOCKS = YES;
				GCC_OPTIMIZATION_LEVEL = 0;
				GCC_PREPROCESSOR_DEFINITIONS = (
					"DEBUG=1",
					"$(inherited)",
				);
				GCC_WARN_64_TO_32_BIT_CONVERSION = YES;
				GCC_WARN_ABOUT_RETURN_TYPE = YES_ERROR;
				GCC_WARN_UNDECLARED_SELECTOR = YES;
				GCC_WARN_UNINITIALIZED_AUTOS = YES_AGGRESSIVE;
				GCC_WARN_UNUSED_FUNCTION = YES;
				GCC_WARN_UNUSED_VARIABLE = YES;
				IPHONEOS_DEPLOYMENT_TARGET = 13.2;
				MTL_ENABLE_DEBUG_INFO = INCLUDE_SOURCE;
				MTL_FAST_MATH = YES;
				ONLY_ACTIVE_ARCH = YES;
				SDKROOT = iphoneos;
				SWIFT_ACTIVE_COMPILATION_CONDITIONS = DEBUG;
				SWIFT_OPTIMIZATION_LEVEL = "-Onone";
			};
			name = Debug;
		};
		948252382398A3D600957E44 /* Release */ = {
			isa = XCBuildConfiguration;
			buildSettings = {
				ALWAYS_SEARCH_USER_PATHS = NO;
				CLANG_ANALYZER_NONNULL = YES;
				CLANG_ANALYZER_NUMBER_OBJECT_CONVERSION = YES_AGGRESSIVE;
				CLANG_CXX_LANGUAGE_STANDARD = "gnu++14";
				CLANG_CXX_LIBRARY = "libc++";
				CLANG_ENABLE_MODULES = YES;
				CLANG_ENABLE_OBJC_ARC = YES;
				CLANG_ENABLE_OBJC_WEAK = YES;
				CLANG_WARN_BLOCK_CAPTURE_AUTORELEASING = YES;
				CLANG_WARN_BOOL_CONVERSION = YES;
				CLANG_WARN_COMMA = YES;
				CLANG_WARN_CONSTANT_CONVERSION = YES;
				CLANG_WARN_DEPRECATED_OBJC_IMPLEMENTATIONS = YES;
				CLANG_WARN_DIRECT_OBJC_ISA_USAGE = YES_ERROR;
				CLANG_WARN_DOCUMENTATION_COMMENTS = YES;
				CLANG_WARN_EMPTY_BODY = YES;
				CLANG_WARN_ENUM_CONVERSION = YES;
				CLANG_WARN_INFINITE_RECURSION = YES;
				CLANG_WARN_INT_CONVERSION = YES;
				CLANG_WARN_NON_LITERAL_NULL_CONVERSION = YES;
				CLANG_WARN_OBJC_IMPLICIT_RETAIN_SELF = YES;
				CLANG_WARN_OBJC_LITERAL_CONVERSION = YES;
				CLANG_WARN_OBJC_ROOT_CLASS = YES_ERROR;
				CLANG_WARN_RANGE_LOOP_ANALYSIS = YES;
				CLANG_WARN_STRICT_PROTOTYPES = YES;
				CLANG_WARN_SUSPICIOUS_MOVE = YES;
				CLANG_WARN_UNGUARDED_AVAILABILITY = YES_AGGRESSIVE;
				CLANG_WARN_UNREACHABLE_CODE = YES;
				CLANG_WARN__DUPLICATE_METHOD_MATCH = YES;
				COPY_PHASE_STRIP = NO;
				DEBUG_INFORMATION_FORMAT = "dwarf-with-dsym";
				ENABLE_NS_ASSERTIONS = NO;
				ENABLE_STRICT_OBJC_MSGSEND = YES;
				GCC_C_LANGUAGE_STANDARD = gnu11;
				GCC_NO_COMMON_BLOCKS = YES;
				GCC_WARN_64_TO_32_BIT_CONVERSION = YES;
				GCC_WARN_ABOUT_RETURN_TYPE = YES_ERROR;
				GCC_WARN_UNDECLARED_SELECTOR = YES;
				GCC_WARN_UNINITIALIZED_AUTOS = YES_AGGRESSIVE;
				GCC_WARN_UNUSED_FUNCTION = YES;
				GCC_WARN_UNUSED_VARIABLE = YES;
				IPHONEOS_DEPLOYMENT_TARGET = 13.2;
				MTL_ENABLE_DEBUG_INFO = NO;
				MTL_FAST_MATH = YES;
				SDKROOT = iphoneos;
				SWIFT_COMPILATION_MODE = wholemodule;
				SWIFT_OPTIMIZATION_LEVEL = "-O";
				VALIDATE_PRODUCT = YES;
			};
			name = Release;
		};
		9482523A2398A3D600957E44 /* Debug */ = {
			isa = XCBuildConfiguration;
			buildSettings = {
				ASSETCATALOG_COMPILER_APPICON_NAME = AppIcon;
				CODE_SIGN_STYLE = Automatic;
				DEVELOPMENT_TEAM = JJ3F2X5A8T;
				INFOPLIST_FILE = Main/Info.plist;
				LD_RUNPATH_SEARCH_PATHS = (
					"$(inherited)",
					"@executable_path/Frameworks",
				);
				PRODUCT_BUNDLE_IDENTIFIER = home.themoviedb;
				PRODUCT_NAME = "$(TARGET_NAME)";
				SWIFT_VERSION = 5.0;
				TARGETED_DEVICE_FAMILY = 1;
			};
			name = Debug;
		};
		9482523B2398A3D600957E44 /* Release */ = {
			isa = XCBuildConfiguration;
			buildSettings = {
				ASSETCATALOG_COMPILER_APPICON_NAME = AppIcon;
				CODE_SIGN_STYLE = Automatic;
				DEVELOPMENT_TEAM = JJ3F2X5A8T;
				INFOPLIST_FILE = Main/Info.plist;
				LD_RUNPATH_SEARCH_PATHS = (
					"$(inherited)",
					"@executable_path/Frameworks",
				);
				PRODUCT_BUNDLE_IDENTIFIER = home.themoviedb;
				PRODUCT_NAME = "$(TARGET_NAME)";
				SWIFT_VERSION = 5.0;
				TARGETED_DEVICE_FAMILY = 1;
			};
			name = Release;
		};
		94B364CA23AE787200D66A35 /* Debug */ = {
			isa = XCBuildConfiguration;
			buildSettings = {
				CODE_SIGN_STYLE = Automatic;
				CURRENT_PROJECT_VERSION = 1;
				DEFINES_MODULE = YES;
				DEVELOPMENT_TEAM = JJ3F2X5A8T;
				DYLIB_COMPATIBILITY_VERSION = 1;
				DYLIB_CURRENT_VERSION = 1;
				DYLIB_INSTALL_NAME_BASE = "@rpath";
				INFOPLIST_FILE = App/Info.plist;
				INSTALL_PATH = "$(LOCAL_LIBRARY_DIR)/Frameworks";
				LD_RUNPATH_SEARCH_PATHS = (
					"$(inherited)",
					"@executable_path/Frameworks",
					"@loader_path/Frameworks",
				);
				PRODUCT_BUNDLE_IDENTIFIER = home.App;
				PRODUCT_NAME = "$(TARGET_NAME:c99extidentifier)";
				SKIP_INSTALL = YES;
				SWIFT_VERSION = 5.0;
				TARGETED_DEVICE_FAMILY = "1,2";
				VERSIONING_SYSTEM = "apple-generic";
				VERSION_INFO_PREFIX = "";
			};
			name = Debug;
		};
		94B364CB23AE787200D66A35 /* Release */ = {
			isa = XCBuildConfiguration;
			buildSettings = {
				CODE_SIGN_STYLE = Automatic;
				CURRENT_PROJECT_VERSION = 1;
				DEFINES_MODULE = YES;
				DEVELOPMENT_TEAM = JJ3F2X5A8T;
				DYLIB_COMPATIBILITY_VERSION = 1;
				DYLIB_CURRENT_VERSION = 1;
				DYLIB_INSTALL_NAME_BASE = "@rpath";
				INFOPLIST_FILE = App/Info.plist;
				INSTALL_PATH = "$(LOCAL_LIBRARY_DIR)/Frameworks";
				LD_RUNPATH_SEARCH_PATHS = (
					"$(inherited)",
					"@executable_path/Frameworks",
					"@loader_path/Frameworks",
				);
				PRODUCT_BUNDLE_IDENTIFIER = home.App;
				PRODUCT_NAME = "$(TARGET_NAME:c99extidentifier)";
				SKIP_INSTALL = YES;
				SWIFT_VERSION = 5.0;
				TARGETED_DEVICE_FAMILY = "1,2";
				VERSIONING_SYSTEM = "apple-generic";
				VERSION_INFO_PREFIX = "";
			};
			name = Release;
		};
/* End XCBuildConfiguration section */

/* Begin XCConfigurationList section */
		948039AA23AE465E0097A12A /* Build configuration list for PBXNativeTarget "Kit" */ = {
			isa = XCConfigurationList;
			buildConfigurations = (
				948039AB23AE465E0097A12A /* Debug */,
				948039AC23AE465E0097A12A /* Release */,
			);
			defaultConfigurationIsVisible = 0;
			defaultConfigurationName = Release;
		};
		94803A1023AE48480097A12A /* Build configuration list for PBXNativeTarget "Ui-Kit" */ = {
			isa = XCConfigurationList;
			buildConfigurations = (
				94803A1123AE48480097A12A /* Debug */,
				94803A1223AE48480097A12A /* Release */,
			);
			defaultConfigurationIsVisible = 0;
			defaultConfigurationName = Release;
		};
		948252202398A3D500957E44 /* Build configuration list for PBXProject "themoviedb" */ = {
			isa = XCConfigurationList;
			buildConfigurations = (
				948252372398A3D600957E44 /* Debug */,
				948252382398A3D600957E44 /* Release */,
			);
			defaultConfigurationIsVisible = 0;
			defaultConfigurationName = Release;
		};
		948252392398A3D600957E44 /* Build configuration list for PBXNativeTarget "Main" */ = {
			isa = XCConfigurationList;
			buildConfigurations = (
				9482523A2398A3D600957E44 /* Debug */,
				9482523B2398A3D600957E44 /* Release */,
			);
			defaultConfigurationIsVisible = 0;
			defaultConfigurationName = Release;
		};
		94B364C923AE787200D66A35 /* Build configuration list for PBXNativeTarget "App" */ = {
			isa = XCConfigurationList;
			buildConfigurations = (
				94B364CA23AE787200D66A35 /* Debug */,
				94B364CB23AE787200D66A35 /* Release */,
			);
			defaultConfigurationIsVisible = 0;
			defaultConfigurationName = Release;
		};
/* End XCConfigurationList section */

/* Begin XCRemoteSwiftPackageReference section */
		94000ED0239BE3020012FFDC /* XCRemoteSwiftPackageReference "YoutubePlayerView" */ = {
			isa = XCRemoteSwiftPackageReference;
			repositoryURL = "git@github.com:mukeshydv/YoutubePlayerView.git";
			requirement = {
				kind = upToNextMajorVersion;
				minimumVersion = 1.2.0;
			};
		};
		94823E70239A851000BE0FCF /* XCRemoteSwiftPackageReference "SDWebImage" */ = {
			isa = XCRemoteSwiftPackageReference;
			repositoryURL = "git@github.com:SDWebImage/SDWebImage.git";
			requirement = {
				kind = upToNextMajorVersion;
				minimumVersion = 5.4.0;
			};
		};
		94B363AA23AE68A200D66A35 /* XCRemoteSwiftPackageReference "Alamofire" */ = {
			isa = XCRemoteSwiftPackageReference;
			repositoryURL = "git@github.com:Alamofire/Alamofire.git";
			requirement = {
				kind = exactVersion;
				version = "5.0.0-rc.3";
			};
		};
/* End XCRemoteSwiftPackageReference section */

/* Begin XCSwiftPackageProductDependency section */
		94B363AF23AE68D200D66A35 /* Alamofire */ = {
			isa = XCSwiftPackageProductDependency;
			package = 94B363AA23AE68A200D66A35 /* XCRemoteSwiftPackageReference "Alamofire" */;
			productName = Alamofire;
		};
		94B3654A23AE78F400D66A35 /* SDWebImage */ = {
			isa = XCSwiftPackageProductDependency;
			package = 94823E70239A851000BE0FCF /* XCRemoteSwiftPackageReference "SDWebImage" */;
			productName = SDWebImage;
		};
		94B3654C23AE78F400D66A35 /* YoutubePlayerView */ = {
			isa = XCSwiftPackageProductDependency;
			package = 94000ED0239BE3020012FFDC /* XCRemoteSwiftPackageReference "YoutubePlayerView" */;
			productName = YoutubePlayerView;
		};
/* End XCSwiftPackageProductDependency section */
	};
	rootObject = 9482521D2398A3D500957E44 /* Project object */;
}
